// !$*UTF8*$!
{
	archiveVersion = 1;
	classes = {
	};
	objectVersion = 42;
	objects = {

/* Begin PBXBuildFile section */
		B01BC07F11F12819009D9444 /* LutFilter.cpp in Sources */ = {isa = PBXBuildFile; fileRef = B01BC07811F12819009D9444 /* LutFilter.cpp */; };
		B01BC08011F12819009D9444 /* main.cpp in Sources */ = {isa = PBXBuildFile; fileRef = B01BC07B11F12819009D9444 /* main.cpp */; };
		B01BC08111F12819009D9444 /* testApp.cpp in Sources */ = {isa = PBXBuildFile; fileRef = B01BC07C11F12819009D9444 /* testApp.cpp */; };
		B01BC08211F12819009D9444 /* ThreadedSolver.cpp in Sources */ = {isa = PBXBuildFile; fileRef = B01BC07D11F12819009D9444 /* ThreadedSolver.cpp */; };
		B01BC08311F12819009D9444 /* GammaCalibration.cpp in Sources */ = {isa = PBXBuildFile; fileRef = B01BC07E11F12819009D9444 /* GammaCalibration.cpp */; };
		B01BC16811F12836009D9444 /* model3DS.cpp in Sources */ = {isa = PBXBuildFile; fileRef = B01BC09311F12836009D9444 /* model3DS.cpp */; };
		B01BC16911F12836009D9444 /* texture3DS.cpp in Sources */ = {isa = PBXBuildFile; fileRef = B01BC09511F12836009D9444 /* texture3DS.cpp */; };
		B01BC16A11F12836009D9444 /* ofx3dModelLoader.cpp in Sources */ = {isa = PBXBuildFile; fileRef = B01BC09911F12836009D9444 /* ofx3dModelLoader.cpp */; };
		B01BC16B11F12836009D9444 /* ofx3DGraphics.cpp in Sources */ = {isa = PBXBuildFile; fileRef = B01BC09D11F12836009D9444 /* ofx3DGraphics.cpp */; };
		B01BC16C11F12836009D9444 /* ofxCamera.cpp in Sources */ = {isa = PBXBuildFile; fileRef = B01BC0A011F12836009D9444 /* ofxCamera.cpp */; };
		B01BC16D11F12836009D9444 /* ofxLight.cpp in Sources */ = {isa = PBXBuildFile; fileRef = B01BC0A311F12836009D9444 /* ofxLight.cpp */; };
		B01BC16E11F12836009D9444 /* ofxControlPanel.cpp in Sources */ = {isa = PBXBuildFile; fileRef = B01BC0B811F12836009D9444 /* ofxControlPanel.cpp */; };
		B01BC16F11F12836009D9444 /* ofxDirList.cpp in Sources */ = {isa = PBXBuildFile; fileRef = B01BC0C211F12836009D9444 /* ofxDirList.cpp */; };
		B01BC17011F12836009D9444 /* ofxTCPClient.cpp in Sources */ = {isa = PBXBuildFile; fileRef = B01BC0CA11F12836009D9444 /* ofxTCPClient.cpp */; };
		B01BC17111F12836009D9444 /* ofxTCPManager.cpp in Sources */ = {isa = PBXBuildFile; fileRef = B01BC0CC11F12836009D9444 /* ofxTCPManager.cpp */; };
		B01BC17211F12836009D9444 /* ofxTCPServer.cpp in Sources */ = {isa = PBXBuildFile; fileRef = B01BC0CE11F12836009D9444 /* ofxTCPServer.cpp */; };
		B01BC17311F12836009D9444 /* ofxUDPManager.cpp in Sources */ = {isa = PBXBuildFile; fileRef = B01BC0D011F12836009D9444 /* ofxUDPManager.cpp */; };
		B01BC17411F12836009D9444 /* openCV.a in Frameworks */ = {isa = PBXBuildFile; fileRef = B01BC0E911F12836009D9444 /* openCV.a */; };
		B01BC17511F12836009D9444 /* ofxCvColorImage.cpp in Sources */ = {isa = PBXBuildFile; fileRef = B01BC0EC11F12836009D9444 /* ofxCvColorImage.cpp */; };
		B01BC17611F12836009D9444 /* ofxCvContourFinder.cpp in Sources */ = {isa = PBXBuildFile; fileRef = B01BC0EF11F12836009D9444 /* ofxCvContourFinder.cpp */; };
		B01BC17711F12836009D9444 /* ofxCvFloatImage.cpp in Sources */ = {isa = PBXBuildFile; fileRef = B01BC0F111F12836009D9444 /* ofxCvFloatImage.cpp */; };
		B01BC17811F12836009D9444 /* ofxCvGrayscaleImage.cpp in Sources */ = {isa = PBXBuildFile; fileRef = B01BC0F311F12836009D9444 /* ofxCvGrayscaleImage.cpp */; };
		B01BC17911F12836009D9444 /* ofxCvImage.cpp in Sources */ = {isa = PBXBuildFile; fileRef = B01BC0F511F12836009D9444 /* ofxCvImage.cpp */; };
		B01BC17A11F12836009D9444 /* ofxCvShortImage.cpp in Sources */ = {isa = PBXBuildFile; fileRef = B01BC0F811F12836009D9444 /* ofxCvShortImage.cpp */; };
		B01BC17B11F12836009D9444 /* osc.a in Frameworks */ = {isa = PBXBuildFile; fileRef = B01BC11111F12836009D9444 /* osc.a */; };
		B01BC17C11F12836009D9444 /* ofxOscBundle.cpp in Sources */ = {isa = PBXBuildFile; fileRef = B01BC11511F12836009D9444 /* ofxOscBundle.cpp */; };
		B01BC17D11F12836009D9444 /* ofxOscMessage.cpp in Sources */ = {isa = PBXBuildFile; fileRef = B01BC11711F12836009D9444 /* ofxOscMessage.cpp */; };
		B01BC17E11F12836009D9444 /* ofxOscReceiver.cpp in Sources */ = {isa = PBXBuildFile; fileRef = B01BC11911F12836009D9444 /* ofxOscReceiver.cpp */; };
		B01BC17F11F12836009D9444 /* ofxOscSender.cpp in Sources */ = {isa = PBXBuildFile; fileRef = B01BC11B11F12836009D9444 /* ofxOscSender.cpp */; };
		B01BC18011F12836009D9444 /* ofxQtVideoSaver.cpp in Sources */ = {isa = PBXBuildFile; fileRef = B01BC11F11F12836009D9444 /* ofxQtVideoSaver.cpp */; };
		B01BC18111F12836009D9444 /* DepthDecoder.cpp in Sources */ = {isa = PBXBuildFile; fileRef = B01BC12311F12836009D9444 /* DepthDecoder.cpp */; };
		B01BC18211F12836009D9444 /* DepthExporter.cpp in Sources */ = {isa = PBXBuildFile; fileRef = B01BC12511F12836009D9444 /* DepthExporter.cpp */; };
		B01BC18311F12836009D9444 /* FloodFillDecoder.cpp in Sources */ = {isa = PBXBuildFile; fileRef = B01BC12811F12836009D9444 /* FloodFillDecoder.cpp */; };
		B01BC18411F12836009D9444 /* GradientGenerator.cpp in Sources */ = {isa = PBXBuildFile; fileRef = B01BC12A11F12836009D9444 /* GradientGenerator.cpp */; };
		B01BC18511F12836009D9444 /* GrayCodeGenerator.cpp in Sources */ = {isa = PBXBuildFile; fileRef = B01BC12C11F12836009D9444 /* GrayCodeGenerator.cpp */; };
		B01BC18611F12836009D9444 /* PatternGenerator.cpp in Sources */ = {isa = PBXBuildFile; fileRef = B01BC12F11F12836009D9444 /* PatternGenerator.cpp */; };
		B01BC18711F12836009D9444 /* PhaseDecoder.cpp in Sources */ = {isa = PBXBuildFile; fileRef = B01BC13211F12836009D9444 /* PhaseDecoder.cpp */; };
		B01BC18811F12836009D9444 /* PriorityDecoder.cpp in Sources */ = {isa = PBXBuildFile; fileRef = B01BC13411F12836009D9444 /* PriorityDecoder.cpp */; };
		B01BC18911F12836009D9444 /* ThreePhaseDecoder.cpp in Sources */ = {isa = PBXBuildFile; fileRef = B01BC13611F12836009D9444 /* ThreePhaseDecoder.cpp */; };
		B01BC18A11F12836009D9444 /* ThreePhaseGenerator.cpp in Sources */ = {isa = PBXBuildFile; fileRef = B01BC13811F12836009D9444 /* ThreePhaseGenerator.cpp */; };
		B01BC18B11F12836009D9444 /* TwoPlusOneDecoder.cpp in Sources */ = {isa = PBXBuildFile; fileRef = B01BC13A11F12836009D9444 /* TwoPlusOneDecoder.cpp */; };
		B01BC18C11F12836009D9444 /* TwoPlusOneGenerator.cpp in Sources */ = {isa = PBXBuildFile; fileRef = B01BC13C11F12836009D9444 /* TwoPlusOneGenerator.cpp */; };
		B01BC18D11F12836009D9444 /* ofxThread.cpp in Sources */ = {isa = PBXBuildFile; fileRef = B01BC14311F12836009D9444 /* ofxThread.cpp */; };
		B01BC18E11F12836009D9444 /* CreEPS.cpp in Sources */ = {isa = PBXBuildFile; fileRef = B01BC14811F12836009D9444 /* CreEPS.cpp */; };
		B01BC18F11F12836009D9444 /* ofxVectorGraphics.cpp in Sources */ = {isa = PBXBuildFile; fileRef = B01BC14C11F12836009D9444 /* ofxVectorGraphics.cpp */; };
		B01BC19011F12836009D9444 /* ofxMatrix3x3.cpp in Sources */ = {isa = PBXBuildFile; fileRef = B01BC15111F12836009D9444 /* ofxMatrix3x3.cpp */; };
		B01BC19111F12836009D9444 /* ofxMatrix4x4.cpp in Sources */ = {isa = PBXBuildFile; fileRef = B01BC15311F12836009D9444 /* ofxMatrix4x4.cpp */; };
		B01BC19211F12836009D9444 /* ofxQuaternion.cpp in Sources */ = {isa = PBXBuildFile; fileRef = B01BC15811F12836009D9444 /* ofxQuaternion.cpp */; };
		B01BC19311F12836009D9444 /* tinyxml.cpp in Sources */ = {isa = PBXBuildFile; fileRef = B01BC16111F12836009D9444 /* tinyxml.cpp */; };
		B01BC19411F12836009D9444 /* tinyxmlerror.cpp in Sources */ = {isa = PBXBuildFile; fileRef = B01BC16311F12836009D9444 /* tinyxmlerror.cpp */; };
		B01BC19511F12836009D9444 /* tinyxmlparser.cpp in Sources */ = {isa = PBXBuildFile; fileRef = B01BC16411F12836009D9444 /* tinyxmlparser.cpp */; };
		B01BC19611F12836009D9444 /* ofxXmlSettings.cpp in Sources */ = {isa = PBXBuildFile; fileRef = B01BC16611F12836009D9444 /* ofxXmlSettings.cpp */; };
		E45BE0AA0E8CC67C009D7055 /* GLee.a in Frameworks */ = {isa = PBXBuildFile; fileRef = E45BE0A90E8CC67C009D7055 /* GLee.a */; };
		E45BE2E40E8CC69C009D7055 /* rtAudio.a in Frameworks */ = {isa = PBXBuildFile; fileRef = E45BE2E30E8CC69C009D7055 /* rtAudio.a */; };
		E45BE97B0E8CC7DD009D7055 /* AGL.framework in Frameworks */ = {isa = PBXBuildFile; fileRef = E45BE9710E8CC7DD009D7055 /* AGL.framework */; };
		E45BE97C0E8CC7DD009D7055 /* ApplicationServices.framework in Frameworks */ = {isa = PBXBuildFile; fileRef = E45BE9720E8CC7DD009D7055 /* ApplicationServices.framework */; };
		E45BE97D0E8CC7DD009D7055 /* AudioToolbox.framework in Frameworks */ = {isa = PBXBuildFile; fileRef = E45BE9730E8CC7DD009D7055 /* AudioToolbox.framework */; };
		E45BE97E0E8CC7DD009D7055 /* Carbon.framework in Frameworks */ = {isa = PBXBuildFile; fileRef = E45BE9740E8CC7DD009D7055 /* Carbon.framework */; };
		E45BE97F0E8CC7DD009D7055 /* CoreAudio.framework in Frameworks */ = {isa = PBXBuildFile; fileRef = E45BE9750E8CC7DD009D7055 /* CoreAudio.framework */; };
		E45BE9800E8CC7DD009D7055 /* CoreFoundation.framework in Frameworks */ = {isa = PBXBuildFile; fileRef = E45BE9760E8CC7DD009D7055 /* CoreFoundation.framework */; };
		E45BE9810E8CC7DD009D7055 /* CoreServices.framework in Frameworks */ = {isa = PBXBuildFile; fileRef = E45BE9770E8CC7DD009D7055 /* CoreServices.framework */; };
		E45BE9830E8CC7DD009D7055 /* OpenGL.framework in Frameworks */ = {isa = PBXBuildFile; fileRef = E45BE9790E8CC7DD009D7055 /* OpenGL.framework */; };
		E45BE9840E8CC7DD009D7055 /* QuickTime.framework in Frameworks */ = {isa = PBXBuildFile; fileRef = E45BE97A0E8CC7DD009D7055 /* QuickTime.framework */; };
		E4C2422B10CC554B004149E2 /* openFrameworksDebug.a in Frameworks */ = {isa = PBXBuildFile; fileRef = E4C2421E10CC549C004149E2 /* openFrameworksDebug.a */; };
		E4C2424710CC5A17004149E2 /* AppKit.framework in Frameworks */ = {isa = PBXBuildFile; fileRef = E4C2424410CC5A17004149E2 /* AppKit.framework */; };
		E4C2424810CC5A17004149E2 /* Cocoa.framework in Frameworks */ = {isa = PBXBuildFile; fileRef = E4C2424510CC5A17004149E2 /* Cocoa.framework */; };
		E4C2424910CC5A17004149E2 /* IOKit.framework in Frameworks */ = {isa = PBXBuildFile; fileRef = E4C2424610CC5A17004149E2 /* IOKit.framework */; };
		E4C2426610CC5A78004149E2 /* GLUT.framework in Frameworks */ = {isa = PBXBuildFile; fileRef = E4C2425F10CC5A78004149E2 /* GLUT.framework */; };
		E4C2426B10CC5AA6004149E2 /* GLUT.framework in CopyFiles */ = {isa = PBXBuildFile; fileRef = E4C2425F10CC5A78004149E2 /* GLUT.framework */; };
		E4C2427F10CC5B66004149E2 /* CppUnit.a in Frameworks */ = {isa = PBXBuildFile; fileRef = E4C2427A10CC5B66004149E2 /* CppUnit.a */; };
		E4C2428010CC5B66004149E2 /* PocoFoundation.a in Frameworks */ = {isa = PBXBuildFile; fileRef = E4C2427B10CC5B66004149E2 /* PocoFoundation.a */; };
		E4C2428110CC5B66004149E2 /* PocoNet.a in Frameworks */ = {isa = PBXBuildFile; fileRef = E4C2427C10CC5B66004149E2 /* PocoNet.a */; };
		E4C2428210CC5B66004149E2 /* PocoUtil.a in Frameworks */ = {isa = PBXBuildFile; fileRef = E4C2427D10CC5B66004149E2 /* PocoUtil.a */; };
		E4C2428310CC5B66004149E2 /* PocoXML.a in Frameworks */ = {isa = PBXBuildFile; fileRef = E4C2427E10CC5B66004149E2 /* PocoXML.a */; };
		E4C2429410CC5C38004149E2 /* freetype.a in Frameworks */ = {isa = PBXBuildFile; fileRef = E4C2429310CC5C38004149E2 /* freetype.a */; };
		E4C242CD10CC650E004149E2 /* libfmodex.dylib in Frameworks */ = {isa = PBXBuildFile; fileRef = E4C242CC10CC650E004149E2 /* libfmodex.dylib */; };
		E4C2443910CC7693004149E2 /* openFrameworks-Info.plist in CopyFiles */ = {isa = PBXBuildFile; fileRef = E4B6FCAD0C3E899E008CF71C /* openFrameworks-Info.plist */; };
		E4C246DA10CCAE22004149E2 /* freeimage.a in Frameworks */ = {isa = PBXBuildFile; fileRef = E4C246D910CCAE22004149E2 /* freeimage.a */; };
/* End PBXBuildFile section */

/* Begin PBXContainerItemProxy section */
		E4C2421D10CC549C004149E2 /* PBXContainerItemProxy */ = {
			isa = PBXContainerItemProxy;
			containerPortal = E4C2421610CC549C004149E2 /* openFrameworksLib.xcodeproj */;
			proxyType = 2;
			remoteGlobalIDString = E4B27C1510CBEB8E00536013;
			remoteInfo = openFrameworks;
		};
		E4C2422710CC54DA004149E2 /* PBXContainerItemProxy */ = {
			isa = PBXContainerItemProxy;
			containerPortal = E4C2421610CC549C004149E2 /* openFrameworksLib.xcodeproj */;
			proxyType = 1;
			remoteGlobalIDString = E4B27C1410CBEB8E00536013;
			remoteInfo = openFrameworks;
		};
/* End PBXContainerItemProxy section */

/* Begin PBXCopyFilesBuildPhase section */
		E4C2427710CC5ABF004149E2 /* CopyFiles */ = {
			isa = PBXCopyFilesBuildPhase;
			buildActionMask = 2147483647;
			dstPath = "";
			dstSubfolderSpec = 10;
			files = (
				E4C2426B10CC5AA6004149E2 /* GLUT.framework in CopyFiles */,
			);
			runOnlyForDeploymentPostprocessing = 0;
		};
		E4C2444710CC769B004149E2 /* CopyFiles */ = {
			isa = PBXCopyFilesBuildPhase;
			buildActionMask = 2147483647;
			dstPath = "";
			dstSubfolderSpec = 7;
			files = (
				E4C2443910CC7693004149E2 /* openFrameworks-Info.plist in CopyFiles */,
			);
			runOnlyForDeploymentPostprocessing = 0;
		};
/* End PBXCopyFilesBuildPhase section */

/* Begin PBXFileReference section */
		B01BC07611F12819009D9444 /* LutFilter.h */ = {isa = PBXFileReference; fileEncoding = 4; lastKnownFileType = sourcecode.c.h; path = LutFilter.h; sourceTree = "<group>"; };
		B01BC07711F12819009D9444 /* GammaCalibration.h */ = {isa = PBXFileReference; fileEncoding = 4; lastKnownFileType = sourcecode.c.h; path = GammaCalibration.h; sourceTree = "<group>"; };
		B01BC07811F12819009D9444 /* LutFilter.cpp */ = {isa = PBXFileReference; fileEncoding = 4; lastKnownFileType = sourcecode.cpp.cpp; path = LutFilter.cpp; sourceTree = "<group>"; };
		B01BC07911F12819009D9444 /* ThreadedSolver.h */ = {isa = PBXFileReference; fileEncoding = 4; lastKnownFileType = sourcecode.c.h; path = ThreadedSolver.h; sourceTree = "<group>"; };
		B01BC07A11F12819009D9444 /* testApp.h */ = {isa = PBXFileReference; fileEncoding = 4; lastKnownFileType = sourcecode.c.h; path = testApp.h; sourceTree = "<group>"; };
		B01BC07B11F12819009D9444 /* main.cpp */ = {isa = PBXFileReference; fileEncoding = 4; lastKnownFileType = sourcecode.cpp.cpp; path = main.cpp; sourceTree = "<group>"; };
		B01BC07C11F12819009D9444 /* testApp.cpp */ = {isa = PBXFileReference; fileEncoding = 4; lastKnownFileType = sourcecode.cpp.cpp; path = testApp.cpp; sourceTree = "<group>"; };
		B01BC07D11F12819009D9444 /* ThreadedSolver.cpp */ = {isa = PBXFileReference; fileEncoding = 4; lastKnownFileType = sourcecode.cpp.cpp; path = ThreadedSolver.cpp; sourceTree = "<group>"; };
		B01BC07E11F12819009D9444 /* GammaCalibration.cpp */ = {isa = PBXFileReference; fileEncoding = 4; lastKnownFileType = sourcecode.cpp.cpp; path = GammaCalibration.cpp; sourceTree = "<group>"; };
		B01BC08E11F12836009D9444 /* ofAddons.h */ = {isa = PBXFileReference; fileEncoding = 4; lastKnownFileType = sourcecode.c.h; path = ofAddons.h; sourceTree = "<group>"; };
		B01BC09011F12836009D9444 /* install.xml */ = {isa = PBXFileReference; fileEncoding = 4; lastKnownFileType = text.xml; path = install.xml; sourceTree = "<group>"; };
		B01BC09311F12836009D9444 /* model3DS.cpp */ = {isa = PBXFileReference; fileEncoding = 4; lastKnownFileType = sourcecode.cpp.cpp; path = model3DS.cpp; sourceTree = "<group>"; };
		B01BC09411F12836009D9444 /* model3DS.h */ = {isa = PBXFileReference; fileEncoding = 4; lastKnownFileType = sourcecode.c.h; path = model3DS.h; sourceTree = "<group>"; };
		B01BC09511F12836009D9444 /* texture3DS.cpp */ = {isa = PBXFileReference; fileEncoding = 4; lastKnownFileType = sourcecode.cpp.cpp; path = texture3DS.cpp; sourceTree = "<group>"; };
		B01BC09611F12836009D9444 /* texture3DS.h */ = {isa = PBXFileReference; fileEncoding = 4; lastKnownFileType = sourcecode.c.h; path = texture3DS.h; sourceTree = "<group>"; };
		B01BC09711F12836009D9444 /* Vector3DS.h */ = {isa = PBXFileReference; fileEncoding = 4; lastKnownFileType = sourcecode.c.h; path = Vector3DS.h; sourceTree = "<group>"; };
		B01BC09811F12836009D9444 /* ofx3DBaseLoader.h */ = {isa = PBXFileReference; fileEncoding = 4; lastKnownFileType = sourcecode.c.h; path = ofx3DBaseLoader.h; sourceTree = "<group>"; };
		B01BC09911F12836009D9444 /* ofx3dModelLoader.cpp */ = {isa = PBXFileReference; fileEncoding = 4; lastKnownFileType = sourcecode.cpp.cpp; path = ofx3dModelLoader.cpp; sourceTree = "<group>"; };
		B01BC09A11F12836009D9444 /* ofx3DModelLoader.h */ = {isa = PBXFileReference; fileEncoding = 4; lastKnownFileType = sourcecode.c.h; path = ofx3DModelLoader.h; sourceTree = "<group>"; };
		B01BC09D11F12836009D9444 /* ofx3DGraphics.cpp */ = {isa = PBXFileReference; fileEncoding = 4; lastKnownFileType = sourcecode.cpp.cpp; path = ofx3DGraphics.cpp; sourceTree = "<group>"; };
		B01BC09E11F12836009D9444 /* ofx3DGraphics.h */ = {isa = PBXFileReference; fileEncoding = 4; lastKnownFileType = sourcecode.c.h; path = ofx3DGraphics.h; sourceTree = "<group>"; };
		B01BC09F11F12836009D9444 /* ofx3DUtils.h */ = {isa = PBXFileReference; fileEncoding = 4; lastKnownFileType = sourcecode.c.h; path = ofx3DUtils.h; sourceTree = "<group>"; };
		B01BC0A011F12836009D9444 /* ofxCamera.cpp */ = {isa = PBXFileReference; fileEncoding = 4; lastKnownFileType = sourcecode.cpp.cpp; path = ofxCamera.cpp; sourceTree = "<group>"; };
		B01BC0A111F12836009D9444 /* ofxCamera.h */ = {isa = PBXFileReference; fileEncoding = 4; lastKnownFileType = sourcecode.c.h; path = ofxCamera.h; sourceTree = "<group>"; };
		B01BC0A211F12836009D9444 /* ofxEasyCam.h */ = {isa = PBXFileReference; fileEncoding = 4; lastKnownFileType = sourcecode.c.h; path = ofxEasyCam.h; sourceTree = "<group>"; };
		B01BC0A311F12836009D9444 /* ofxLight.cpp */ = {isa = PBXFileReference; fileEncoding = 4; lastKnownFileType = sourcecode.cpp.cpp; path = ofxLight.cpp; sourceTree = "<group>"; };
		B01BC0A411F12836009D9444 /* ofxLight.h */ = {isa = PBXFileReference; fileEncoding = 4; lastKnownFileType = sourcecode.c.h; path = ofxLight.h; sourceTree = "<group>"; };
		B01BC0A711F12836009D9444 /* guiBaseObject.h */ = {isa = PBXFileReference; fileEncoding = 4; lastKnownFileType = sourcecode.c.h; path = guiBaseObject.h; sourceTree = "<group>"; };
		B01BC0A811F12836009D9444 /* guiColor.h */ = {isa = PBXFileReference; fileEncoding = 4; lastKnownFileType = sourcecode.c.h; path = guiColor.h; sourceTree = "<group>"; };
		B01BC0A911F12836009D9444 /* guiCustomImpl.h */ = {isa = PBXFileReference; fileEncoding = 4; lastKnownFileType = sourcecode.c.h; path = guiCustomImpl.h; sourceTree = "<group>"; };
		B01BC0AA11F12836009D9444 /* guiIncludes.h */ = {isa = PBXFileReference; fileEncoding = 4; lastKnownFileType = sourcecode.c.h; path = guiIncludes.h; sourceTree = "<group>"; };
		B01BC0AB11F12836009D9444 /* guiTextBase.h */ = {isa = PBXFileReference; fileEncoding = 4; lastKnownFileType = sourcecode.c.h; path = guiTextBase.h; sourceTree = "<group>"; };
		B01BC0AC11F12836009D9444 /* guiType2DSlider.h */ = {isa = PBXFileReference; fileEncoding = 4; lastKnownFileType = sourcecode.c.h; path = guiType2DSlider.h; sourceTree = "<group>"; };
		B01BC0AD11F12836009D9444 /* guiTypeCustom.h */ = {isa = PBXFileReference; fileEncoding = 4; lastKnownFileType = sourcecode.c.h; path = guiTypeCustom.h; sourceTree = "<group>"; };
		B01BC0AE11F12836009D9444 /* guiTypeDrawable.h */ = {isa = PBXFileReference; fileEncoding = 4; lastKnownFileType = sourcecode.c.h; path = guiTypeDrawable.h; sourceTree = "<group>"; };
		B01BC0AF11F12836009D9444 /* guiTypeFileLister.h */ = {isa = PBXFileReference; fileEncoding = 4; lastKnownFileType = sourcecode.c.h; path = guiTypeFileLister.h; sourceTree = "<group>"; };
		B01BC0B011F12836009D9444 /* guiTypeLogger.h */ = {isa = PBXFileReference; fileEncoding = 4; lastKnownFileType = sourcecode.c.h; path = guiTypeLogger.h; sourceTree = "<group>"; };
		B01BC0B111F12836009D9444 /* guiTypeMultiToggle.h */ = {isa = PBXFileReference; fileEncoding = 4; lastKnownFileType = sourcecode.c.h; path = guiTypeMultiToggle.h; sourceTree = "<group>"; };
		B01BC0B211F12836009D9444 /* guiTypePanel.h */ = {isa = PBXFileReference; fileEncoding = 4; lastKnownFileType = sourcecode.c.h; path = guiTypePanel.h; sourceTree = "<group>"; };
		B01BC0B311F12836009D9444 /* guiTypeSlider.h */ = {isa = PBXFileReference; fileEncoding = 4; lastKnownFileType = sourcecode.c.h; path = guiTypeSlider.h; sourceTree = "<group>"; };
		B01BC0B411F12836009D9444 /* guiTypeText.h */ = {isa = PBXFileReference; fileEncoding = 4; lastKnownFileType = sourcecode.c.h; path = guiTypeText.h; sourceTree = "<group>"; };
		B01BC0B511F12836009D9444 /* guiTypeToggle.h */ = {isa = PBXFileReference; fileEncoding = 4; lastKnownFileType = sourcecode.c.h; path = guiTypeToggle.h; sourceTree = "<group>"; };
		B01BC0B611F12836009D9444 /* guiValue.h */ = {isa = PBXFileReference; fileEncoding = 4; lastKnownFileType = sourcecode.c.h; path = guiValue.h; sourceTree = "<group>"; };
		B01BC0B711F12836009D9444 /* guiXmlValue.h */ = {isa = PBXFileReference; fileEncoding = 4; lastKnownFileType = sourcecode.c.h; path = guiXmlValue.h; sourceTree = "<group>"; };
		B01BC0B811F12836009D9444 /* ofxControlPanel.cpp */ = {isa = PBXFileReference; fileEncoding = 4; lastKnownFileType = sourcecode.cpp.cpp; path = ofxControlPanel.cpp; sourceTree = "<group>"; };
		B01BC0B911F12836009D9444 /* ofxControlPanel.h */ = {isa = PBXFileReference; fileEncoding = 4; lastKnownFileType = sourcecode.c.h; path = ofxControlPanel.h; sourceTree = "<group>"; };
		B01BC0BA11F12836009D9444 /* simpleColor.h */ = {isa = PBXFileReference; fileEncoding = 4; lastKnownFileType = sourcecode.c.h; path = simpleColor.h; sourceTree = "<group>"; };
		B01BC0BB11F12836009D9444 /* simpleFileLister.h */ = {isa = PBXFileReference; fileEncoding = 4; lastKnownFileType = sourcecode.c.h; path = simpleFileLister.h; sourceTree = "<group>"; };
		B01BC0BC11F12836009D9444 /* simpleLogger.h */ = {isa = PBXFileReference; fileEncoding = 4; lastKnownFileType = sourcecode.c.h; path = simpleLogger.h; sourceTree = "<group>"; };
		B01BC0BF11F12836009D9444 /* Instructions.txt */ = {isa = PBXFileReference; fileEncoding = 4; lastKnownFileType = text; path = Instructions.txt; sourceTree = "<group>"; };
		B01BC0C011F12836009D9444 /* install.xml */ = {isa = PBXFileReference; fileEncoding = 4; lastKnownFileType = text.xml; path = install.xml; sourceTree = "<group>"; };
		B01BC0C211F12836009D9444 /* ofxDirList.cpp */ = {isa = PBXFileReference; fileEncoding = 4; lastKnownFileType = sourcecode.cpp.cpp; path = ofxDirList.cpp; sourceTree = "<group>"; };
		B01BC0C311F12836009D9444 /* ofxDirList.h */ = {isa = PBXFileReference; fileEncoding = 4; lastKnownFileType = sourcecode.c.h; path = ofxDirList.h; sourceTree = "<group>"; };
		B01BC0C611F12836009D9444 /* Instructions.txt */ = {isa = PBXFileReference; fileEncoding = 4; lastKnownFileType = text; path = Instructions.txt; sourceTree = "<group>"; };
		B01BC0C711F12836009D9444 /* install.xml */ = {isa = PBXFileReference; fileEncoding = 4; lastKnownFileType = text.xml; path = install.xml; sourceTree = "<group>"; };
		B01BC0C911F12836009D9444 /* ofxNetwork.h */ = {isa = PBXFileReference; fileEncoding = 4; lastKnownFileType = sourcecode.c.h; path = ofxNetwork.h; sourceTree = "<group>"; };
		B01BC0CA11F12836009D9444 /* ofxTCPClient.cpp */ = {isa = PBXFileReference; fileEncoding = 4; lastKnownFileType = sourcecode.cpp.cpp; path = ofxTCPClient.cpp; sourceTree = "<group>"; };
		B01BC0CB11F12836009D9444 /* ofxTCPClient.h */ = {isa = PBXFileReference; fileEncoding = 4; lastKnownFileType = sourcecode.c.h; path = ofxTCPClient.h; sourceTree = "<group>"; };
		B01BC0CC11F12836009D9444 /* ofxTCPManager.cpp */ = {isa = PBXFileReference; fileEncoding = 4; lastKnownFileType = sourcecode.cpp.cpp; path = ofxTCPManager.cpp; sourceTree = "<group>"; };
		B01BC0CD11F12836009D9444 /* ofxTCPManager.h */ = {isa = PBXFileReference; fileEncoding = 4; lastKnownFileType = sourcecode.c.h; path = ofxTCPManager.h; sourceTree = "<group>"; };
		B01BC0CE11F12836009D9444 /* ofxTCPServer.cpp */ = {isa = PBXFileReference; fileEncoding = 4; lastKnownFileType = sourcecode.cpp.cpp; path = ofxTCPServer.cpp; sourceTree = "<group>"; };
		B01BC0CF11F12836009D9444 /* ofxTCPServer.h */ = {isa = PBXFileReference; fileEncoding = 4; lastKnownFileType = sourcecode.c.h; path = ofxTCPServer.h; sourceTree = "<group>"; };
		B01BC0D011F12836009D9444 /* ofxUDPManager.cpp */ = {isa = PBXFileReference; fileEncoding = 4; lastKnownFileType = sourcecode.cpp.cpp; path = ofxUDPManager.cpp; sourceTree = "<group>"; };
		B01BC0D111F12836009D9444 /* ofxUDPManager.h */ = {isa = PBXFileReference; fileEncoding = 4; lastKnownFileType = sourcecode.c.h; path = ofxUDPManager.h; sourceTree = "<group>"; };
		B01BC0D311F12836009D9444 /* install.xml */ = {isa = PBXFileReference; fileEncoding = 4; lastKnownFileType = text.xml; path = install.xml; sourceTree = "<group>"; };
		B01BC0D711F12836009D9444 /* cv.h */ = {isa = PBXFileReference; fileEncoding = 4; lastKnownFileType = sourcecode.c.h; path = cv.h; sourceTree = "<group>"; };
		B01BC0D811F12836009D9444 /* cv.hpp */ = {isa = PBXFileReference; fileEncoding = 4; lastKnownFileType = sourcecode.cpp.h; path = cv.hpp; sourceTree = "<group>"; };
		B01BC0D911F12836009D9444 /* cvaux.h */ = {isa = PBXFileReference; fileEncoding = 4; lastKnownFileType = sourcecode.c.h; path = cvaux.h; sourceTree = "<group>"; };
		B01BC0DA11F12836009D9444 /* cvaux.hpp */ = {isa = PBXFileReference; fileEncoding = 4; lastKnownFileType = sourcecode.cpp.h; path = cvaux.hpp; sourceTree = "<group>"; };
		B01BC0DB11F12836009D9444 /* cvcompat.h */ = {isa = PBXFileReference; fileEncoding = 4; lastKnownFileType = sourcecode.c.h; path = cvcompat.h; sourceTree = "<group>"; };
		B01BC0DC11F12836009D9444 /* cvmat.hpp */ = {isa = PBXFileReference; fileEncoding = 4; lastKnownFileType = sourcecode.cpp.h; path = cvmat.hpp; sourceTree = "<group>"; };
		B01BC0DD11F12836009D9444 /* cvstreams.h */ = {isa = PBXFileReference; fileEncoding = 4; lastKnownFileType = sourcecode.c.h; path = cvstreams.h; sourceTree = "<group>"; };
		B01BC0DE11F12836009D9444 /* cvtypes.h */ = {isa = PBXFileReference; fileEncoding = 4; lastKnownFileType = sourcecode.c.h; path = cvtypes.h; sourceTree = "<group>"; };
		B01BC0DF11F12836009D9444 /* cvver.h */ = {isa = PBXFileReference; fileEncoding = 4; lastKnownFileType = sourcecode.c.h; path = cvver.h; sourceTree = "<group>"; };
		B01BC0E011F12836009D9444 /* cvvidsurv.hpp */ = {isa = PBXFileReference; fileEncoding = 4; lastKnownFileType = sourcecode.cpp.h; path = cvvidsurv.hpp; sourceTree = "<group>"; };
		B01BC0E111F12836009D9444 /* cvwimage.h */ = {isa = PBXFileReference; fileEncoding = 4; lastKnownFileType = sourcecode.c.h; path = cvwimage.h; sourceTree = "<group>"; };
		B01BC0E211F12836009D9444 /* cxcore.h */ = {isa = PBXFileReference; fileEncoding = 4; lastKnownFileType = sourcecode.c.h; path = cxcore.h; sourceTree = "<group>"; };
		B01BC0E311F12836009D9444 /* cxcore.hpp */ = {isa = PBXFileReference; fileEncoding = 4; lastKnownFileType = sourcecode.cpp.h; path = cxcore.hpp; sourceTree = "<group>"; };
		B01BC0E411F12836009D9444 /* cxerror.h */ = {isa = PBXFileReference; fileEncoding = 4; lastKnownFileType = sourcecode.c.h; path = cxerror.h; sourceTree = "<group>"; };
		B01BC0E511F12836009D9444 /* cxmisc.h */ = {isa = PBXFileReference; fileEncoding = 4; lastKnownFileType = sourcecode.c.h; path = cxmisc.h; sourceTree = "<group>"; };
		B01BC0E611F12836009D9444 /* cxtypes.h */ = {isa = PBXFileReference; fileEncoding = 4; lastKnownFileType = sourcecode.c.h; path = cxtypes.h; sourceTree = "<group>"; };
		B01BC0E911F12836009D9444 /* openCV.a */ = {isa = PBXFileReference; lastKnownFileType = archive.ar; path = openCV.a; sourceTree = "<group>"; };
		B01BC0EB11F12836009D9444 /* ofxCvBlob.h */ = {isa = PBXFileReference; fileEncoding = 4; lastKnownFileType = sourcecode.c.h; path = ofxCvBlob.h; sourceTree = "<group>"; };
		B01BC0EC11F12836009D9444 /* ofxCvColorImage.cpp */ = {isa = PBXFileReference; fileEncoding = 4; lastKnownFileType = sourcecode.cpp.cpp; path = ofxCvColorImage.cpp; sourceTree = "<group>"; };
		B01BC0ED11F12836009D9444 /* ofxCvColorImage.h */ = {isa = PBXFileReference; fileEncoding = 4; lastKnownFileType = sourcecode.c.h; path = ofxCvColorImage.h; sourceTree = "<group>"; };
		B01BC0EE11F12836009D9444 /* ofxCvConstants.h */ = {isa = PBXFileReference; fileEncoding = 4; lastKnownFileType = sourcecode.c.h; path = ofxCvConstants.h; sourceTree = "<group>"; };
		B01BC0EF11F12836009D9444 /* ofxCvContourFinder.cpp */ = {isa = PBXFileReference; fileEncoding = 4; lastKnownFileType = sourcecode.cpp.cpp; path = ofxCvContourFinder.cpp; sourceTree = "<group>"; };
		B01BC0F011F12836009D9444 /* ofxCvContourFinder.h */ = {isa = PBXFileReference; fileEncoding = 4; lastKnownFileType = sourcecode.c.h; path = ofxCvContourFinder.h; sourceTree = "<group>"; };
		B01BC0F111F12836009D9444 /* ofxCvFloatImage.cpp */ = {isa = PBXFileReference; fileEncoding = 4; lastKnownFileType = sourcecode.cpp.cpp; path = ofxCvFloatImage.cpp; sourceTree = "<group>"; };
		B01BC0F211F12836009D9444 /* ofxCvFloatImage.h */ = {isa = PBXFileReference; fileEncoding = 4; lastKnownFileType = sourcecode.c.h; path = ofxCvFloatImage.h; sourceTree = "<group>"; };
		B01BC0F311F12836009D9444 /* ofxCvGrayscaleImage.cpp */ = {isa = PBXFileReference; fileEncoding = 4; lastKnownFileType = sourcecode.cpp.cpp; path = ofxCvGrayscaleImage.cpp; sourceTree = "<group>"; };
		B01BC0F411F12836009D9444 /* ofxCvGrayscaleImage.h */ = {isa = PBXFileReference; fileEncoding = 4; lastKnownFileType = sourcecode.c.h; path = ofxCvGrayscaleImage.h; sourceTree = "<group>"; };
		B01BC0F511F12836009D9444 /* ofxCvImage.cpp */ = {isa = PBXFileReference; fileEncoding = 4; lastKnownFileType = sourcecode.cpp.cpp; path = ofxCvImage.cpp; sourceTree = "<group>"; };
		B01BC0F611F12836009D9444 /* ofxCvImage.h */ = {isa = PBXFileReference; fileEncoding = 4; lastKnownFileType = sourcecode.c.h; path = ofxCvImage.h; sourceTree = "<group>"; };
		B01BC0F711F12836009D9444 /* ofxCvMain.h */ = {isa = PBXFileReference; fileEncoding = 4; lastKnownFileType = sourcecode.c.h; path = ofxCvMain.h; sourceTree = "<group>"; };
		B01BC0F811F12836009D9444 /* ofxCvShortImage.cpp */ = {isa = PBXFileReference; fileEncoding = 4; lastKnownFileType = sourcecode.cpp.cpp; path = ofxCvShortImage.cpp; sourceTree = "<group>"; };
		B01BC0F911F12836009D9444 /* ofxCvShortImage.h */ = {isa = PBXFileReference; fileEncoding = 4; lastKnownFileType = sourcecode.c.h; path = ofxCvShortImage.h; sourceTree = "<group>"; };
		B01BC0FA11F12836009D9444 /* ofxOpenCv.h */ = {isa = PBXFileReference; fileEncoding = 4; lastKnownFileType = sourcecode.c.h; path = ofxOpenCv.h; sourceTree = "<group>"; };
		B01BC0FC11F12836009D9444 /* install.xml */ = {isa = PBXFileReference; fileEncoding = 4; lastKnownFileType = text.xml; path = install.xml; sourceTree = "<group>"; };
		B01BC10111F12836009D9444 /* IpEndpointName.h */ = {isa = PBXFileReference; fileEncoding = 4; lastKnownFileType = sourcecode.c.h; path = IpEndpointName.h; sourceTree = "<group>"; };
		B01BC10211F12836009D9444 /* NetworkingUtils.h */ = {isa = PBXFileReference; fileEncoding = 4; lastKnownFileType = sourcecode.c.h; path = NetworkingUtils.h; sourceTree = "<group>"; };
		B01BC10311F12836009D9444 /* PacketListener.h */ = {isa = PBXFileReference; fileEncoding = 4; lastKnownFileType = sourcecode.c.h; path = PacketListener.h; sourceTree = "<group>"; };
		B01BC10411F12836009D9444 /* TimerListener.h */ = {isa = PBXFileReference; fileEncoding = 4; lastKnownFileType = sourcecode.c.h; path = TimerListener.h; sourceTree = "<group>"; };
		B01BC10511F12836009D9444 /* UdpSocket.h */ = {isa = PBXFileReference; fileEncoding = 4; lastKnownFileType = sourcecode.c.h; path = UdpSocket.h; sourceTree = "<group>"; };
		B01BC10711F12836009D9444 /* MessageMappingOscPacketListener.h */ = {isa = PBXFileReference; fileEncoding = 4; lastKnownFileType = sourcecode.c.h; path = MessageMappingOscPacketListener.h; sourceTree = "<group>"; };
		B01BC10811F12836009D9444 /* OscException.h */ = {isa = PBXFileReference; fileEncoding = 4; lastKnownFileType = sourcecode.c.h; path = OscException.h; sourceTree = "<group>"; };
		B01BC10911F12836009D9444 /* OscHostEndianness.h */ = {isa = PBXFileReference; fileEncoding = 4; lastKnownFileType = sourcecode.c.h; path = OscHostEndianness.h; sourceTree = "<group>"; };
		B01BC10A11F12836009D9444 /* OscOutboundPacketStream.h */ = {isa = PBXFileReference; fileEncoding = 4; lastKnownFileType = sourcecode.c.h; path = OscOutboundPacketStream.h; sourceTree = "<group>"; };
		B01BC10B11F12836009D9444 /* OscPacketListener.h */ = {isa = PBXFileReference; fileEncoding = 4; lastKnownFileType = sourcecode.c.h; path = OscPacketListener.h; sourceTree = "<group>"; };
		B01BC10C11F12836009D9444 /* OscPrintReceivedElements.h */ = {isa = PBXFileReference; fileEncoding = 4; lastKnownFileType = sourcecode.c.h; path = OscPrintReceivedElements.h; sourceTree = "<group>"; };
		B01BC10D11F12836009D9444 /* OscReceivedElements.h */ = {isa = PBXFileReference; fileEncoding = 4; lastKnownFileType = sourcecode.c.h; path = OscReceivedElements.h; sourceTree = "<group>"; };
		B01BC10E11F12836009D9444 /* OscTypes.h */ = {isa = PBXFileReference; fileEncoding = 4; lastKnownFileType = sourcecode.c.h; path = OscTypes.h; sourceTree = "<group>"; };
		B01BC11111F12836009D9444 /* osc.a */ = {isa = PBXFileReference; lastKnownFileType = archive.ar; path = osc.a; sourceTree = "<group>"; };
		B01BC11311F12836009D9444 /* ofxOsc.h */ = {isa = PBXFileReference; fileEncoding = 4; lastKnownFileType = sourcecode.c.h; path = ofxOsc.h; sourceTree = "<group>"; };
		B01BC11411F12836009D9444 /* ofxOscArg.h */ = {isa = PBXFileReference; fileEncoding = 4; lastKnownFileType = sourcecode.c.h; path = ofxOscArg.h; sourceTree = "<group>"; };
		B01BC11511F12836009D9444 /* ofxOscBundle.cpp */ = {isa = PBXFileReference; fileEncoding = 4; lastKnownFileType = sourcecode.cpp.cpp; path = ofxOscBundle.cpp; sourceTree = "<group>"; };
		B01BC11611F12836009D9444 /* ofxOscBundle.h */ = {isa = PBXFileReference; fileEncoding = 4; lastKnownFileType = sourcecode.c.h; path = ofxOscBundle.h; sourceTree = "<group>"; };
		B01BC11711F12836009D9444 /* ofxOscMessage.cpp */ = {isa = PBXFileReference; fileEncoding = 4; lastKnownFileType = sourcecode.cpp.cpp; path = ofxOscMessage.cpp; sourceTree = "<group>"; };
		B01BC11811F12836009D9444 /* ofxOscMessage.h */ = {isa = PBXFileReference; fileEncoding = 4; lastKnownFileType = sourcecode.c.h; path = ofxOscMessage.h; sourceTree = "<group>"; };
		B01BC11911F12836009D9444 /* ofxOscReceiver.cpp */ = {isa = PBXFileReference; fileEncoding = 4; lastKnownFileType = sourcecode.cpp.cpp; path = ofxOscReceiver.cpp; sourceTree = "<group>"; };
		B01BC11A11F12836009D9444 /* ofxOscReceiver.h */ = {isa = PBXFileReference; fileEncoding = 4; lastKnownFileType = sourcecode.c.h; path = ofxOscReceiver.h; sourceTree = "<group>"; };
		B01BC11B11F12836009D9444 /* ofxOscSender.cpp */ = {isa = PBXFileReference; fileEncoding = 4; lastKnownFileType = sourcecode.cpp.cpp; path = ofxOscSender.cpp; sourceTree = "<group>"; };
		B01BC11C11F12836009D9444 /* ofxOscSender.h */ = {isa = PBXFileReference; fileEncoding = 4; lastKnownFileType = sourcecode.c.h; path = ofxOscSender.h; sourceTree = "<group>"; };
		B01BC11F11F12836009D9444 /* ofxQtVideoSaver.cpp */ = {isa = PBXFileReference; fileEncoding = 4; lastKnownFileType = sourcecode.cpp.cpp; path = ofxQtVideoSaver.cpp; sourceTree = "<group>"; };
		B01BC12011F12836009D9444 /* ofxQtVideoSaver.h */ = {isa = PBXFileReference; fileEncoding = 4; lastKnownFileType = sourcecode.c.h; path = ofxQtVideoSaver.h; sourceTree = "<group>"; };
		B01BC12311F12836009D9444 /* DepthDecoder.cpp */ = {isa = PBXFileReference; fileEncoding = 4; lastKnownFileType = sourcecode.cpp.cpp; path = DepthDecoder.cpp; sourceTree = "<group>"; };
		B01BC12411F12836009D9444 /* DepthDecoder.h */ = {isa = PBXFileReference; fileEncoding = 4; lastKnownFileType = sourcecode.c.h; path = DepthDecoder.h; sourceTree = "<group>"; };
		B01BC12511F12836009D9444 /* DepthExporter.cpp */ = {isa = PBXFileReference; fileEncoding = 4; lastKnownFileType = sourcecode.cpp.cpp; path = DepthExporter.cpp; sourceTree = "<group>"; };
		B01BC12611F12836009D9444 /* DepthExporter.h */ = {isa = PBXFileReference; fileEncoding = 4; lastKnownFileType = sourcecode.c.h; path = DepthExporter.h; sourceTree = "<group>"; };
		B01BC12711F12836009D9444 /* FastBlur.h */ = {isa = PBXFileReference; fileEncoding = 4; lastKnownFileType = sourcecode.c.h; path = FastBlur.h; sourceTree = "<group>"; };
		B01BC12811F12836009D9444 /* FloodFillDecoder.cpp */ = {isa = PBXFileReference; fileEncoding = 4; lastKnownFileType = sourcecode.cpp.cpp; path = FloodFillDecoder.cpp; sourceTree = "<group>"; };
		B01BC12911F12836009D9444 /* FloodFillDecoder.h */ = {isa = PBXFileReference; fileEncoding = 4; lastKnownFileType = sourcecode.c.h; path = FloodFillDecoder.h; sourceTree = "<group>"; };
		B01BC12A11F12836009D9444 /* GradientGenerator.cpp */ = {isa = PBXFileReference; fileEncoding = 4; lastKnownFileType = sourcecode.cpp.cpp; path = GradientGenerator.cpp; sourceTree = "<group>"; };
		B01BC12B11F12836009D9444 /* GradientGenerator.h */ = {isa = PBXFileReference; fileEncoding = 4; lastKnownFileType = sourcecode.c.h; path = GradientGenerator.h; sourceTree = "<group>"; };
		B01BC12C11F12836009D9444 /* GrayCodeGenerator.cpp */ = {isa = PBXFileReference; fileEncoding = 4; lastKnownFileType = sourcecode.cpp.cpp; path = GrayCodeGenerator.cpp; sourceTree = "<group>"; };
		B01BC12D11F12836009D9444 /* GrayCodeGenerator.h */ = {isa = PBXFileReference; fileEncoding = 4; lastKnownFileType = sourcecode.c.h; path = GrayCodeGenerator.h; sourceTree = "<group>"; };
		B01BC12E11F12836009D9444 /* ofxStructuredLight.h */ = {isa = PBXFileReference; fileEncoding = 4; lastKnownFileType = sourcecode.c.h; path = ofxStructuredLight.h; sourceTree = "<group>"; };
		B01BC12F11F12836009D9444 /* PatternGenerator.cpp */ = {isa = PBXFileReference; fileEncoding = 4; lastKnownFileType = sourcecode.cpp.cpp; path = PatternGenerator.cpp; sourceTree = "<group>"; };
		B01BC13011F12836009D9444 /* PatternGenerator.h */ = {isa = PBXFileReference; fileEncoding = 4; lastKnownFileType = sourcecode.c.h; path = PatternGenerator.h; sourceTree = "<group>"; };
		B01BC13111F12836009D9444 /* PhaseConstants.h */ = {isa = PBXFileReference; fileEncoding = 4; lastKnownFileType = sourcecode.c.h; path = PhaseConstants.h; sourceTree = "<group>"; };
		B01BC13211F12836009D9444 /* PhaseDecoder.cpp */ = {isa = PBXFileReference; fileEncoding = 4; lastKnownFileType = sourcecode.cpp.cpp; path = PhaseDecoder.cpp; sourceTree = "<group>"; };
		B01BC13311F12836009D9444 /* PhaseDecoder.h */ = {isa = PBXFileReference; fileEncoding = 4; lastKnownFileType = sourcecode.c.h; path = PhaseDecoder.h; sourceTree = "<group>"; };
		B01BC13411F12836009D9444 /* PriorityDecoder.cpp */ = {isa = PBXFileReference; fileEncoding = 4; lastKnownFileType = sourcecode.cpp.cpp; path = PriorityDecoder.cpp; sourceTree = "<group>"; };
		B01BC13511F12836009D9444 /* PriorityDecoder.h */ = {isa = PBXFileReference; fileEncoding = 4; lastKnownFileType = sourcecode.c.h; path = PriorityDecoder.h; sourceTree = "<group>"; };
		B01BC13611F12836009D9444 /* ThreePhaseDecoder.cpp */ = {isa = PBXFileReference; fileEncoding = 4; lastKnownFileType = sourcecode.cpp.cpp; path = ThreePhaseDecoder.cpp; sourceTree = "<group>"; };
		B01BC13711F12836009D9444 /* ThreePhaseDecoder.h */ = {isa = PBXFileReference; fileEncoding = 4; lastKnownFileType = sourcecode.c.h; path = ThreePhaseDecoder.h; sourceTree = "<group>"; };
		B01BC13811F12836009D9444 /* ThreePhaseGenerator.cpp */ = {isa = PBXFileReference; fileEncoding = 4; lastKnownFileType = sourcecode.cpp.cpp; path = ThreePhaseGenerator.cpp; sourceTree = "<group>"; };
		B01BC13911F12836009D9444 /* ThreePhaseGenerator.h */ = {isa = PBXFileReference; fileEncoding = 4; lastKnownFileType = sourcecode.c.h; path = ThreePhaseGenerator.h; sourceTree = "<group>"; };
		B01BC13A11F12836009D9444 /* TwoPlusOneDecoder.cpp */ = {isa = PBXFileReference; fileEncoding = 4; lastKnownFileType = sourcecode.cpp.cpp; path = TwoPlusOneDecoder.cpp; sourceTree = "<group>"; };
		B01BC13B11F12836009D9444 /* TwoPlusOneDecoder.h */ = {isa = PBXFileReference; fileEncoding = 4; lastKnownFileType = sourcecode.c.h; path = TwoPlusOneDecoder.h; sourceTree = "<group>"; };
		B01BC13C11F12836009D9444 /* TwoPlusOneGenerator.cpp */ = {isa = PBXFileReference; fileEncoding = 4; lastKnownFileType = sourcecode.cpp.cpp; path = TwoPlusOneGenerator.cpp; sourceTree = "<group>"; };
		B01BC13D11F12836009D9444 /* TwoPlusOneGenerator.h */ = {isa = PBXFileReference; fileEncoding = 4; lastKnownFileType = sourcecode.c.h; path = TwoPlusOneGenerator.h; sourceTree = "<group>"; };
		B01BC14011F12836009D9444 /* Instructions.txt */ = {isa = PBXFileReference; fileEncoding = 4; lastKnownFileType = text; path = Instructions.txt; sourceTree = "<group>"; };
		B01BC14111F12836009D9444 /* install.xml */ = {isa = PBXFileReference; fileEncoding = 4; lastKnownFileType = text.xml; path = install.xml; sourceTree = "<group>"; };
		B01BC14311F12836009D9444 /* ofxThread.cpp */ = {isa = PBXFileReference; fileEncoding = 4; lastKnownFileType = sourcecode.cpp.cpp; path = ofxThread.cpp; sourceTree = "<group>"; };
		B01BC14411F12836009D9444 /* ofxThread.h */ = {isa = PBXFileReference; fileEncoding = 4; lastKnownFileType = sourcecode.c.h; path = ofxThread.h; sourceTree = "<group>"; };
		B01BC14611F12836009D9444 /* install.xml */ = {isa = PBXFileReference; fileEncoding = 4; lastKnownFileType = text.xml; path = install.xml; sourceTree = "<group>"; };
		B01BC14811F12836009D9444 /* CreEPS.cpp */ = {isa = PBXFileReference; fileEncoding = 4; lastKnownFileType = sourcecode.cpp.cpp; path = CreEPS.cpp; sourceTree = "<group>"; };
		B01BC14911F12836009D9444 /* CreEPS.hpp */ = {isa = PBXFileReference; fileEncoding = 4; lastKnownFileType = sourcecode.cpp.h; path = CreEPS.hpp; sourceTree = "<group>"; };
		B01BC14A11F12836009D9444 /* CreEPS_Types.hpp */ = {isa = PBXFileReference; fileEncoding = 4; lastKnownFileType = sourcecode.cpp.h; path = CreEPS_Types.hpp; sourceTree = "<group>"; };
		B01BC14C11F12836009D9444 /* ofxVectorGraphics.cpp */ = {isa = PBXFileReference; fileEncoding = 4; lastKnownFileType = sourcecode.cpp.cpp; path = ofxVectorGraphics.cpp; sourceTree = "<group>"; };
		B01BC14D11F12836009D9444 /* ofxVectorGraphics.h */ = {isa = PBXFileReference; fileEncoding = 4; lastKnownFileType = sourcecode.c.h; path = ofxVectorGraphics.h; sourceTree = "<group>"; };
		B01BC14F11F12836009D9444 /* install.xml */ = {isa = PBXFileReference; fileEncoding = 4; lastKnownFileType = text.xml; path = install.xml; sourceTree = "<group>"; };
		B01BC15111F12836009D9444 /* ofxMatrix3x3.cpp */ = {isa = PBXFileReference; fileEncoding = 4; lastKnownFileType = sourcecode.cpp.cpp; path = ofxMatrix3x3.cpp; sourceTree = "<group>"; };
		B01BC15211F12836009D9444 /* ofxMatrix3x3.h */ = {isa = PBXFileReference; fileEncoding = 4; lastKnownFileType = sourcecode.c.h; path = ofxMatrix3x3.h; sourceTree = "<group>"; };
		B01BC15311F12836009D9444 /* ofxMatrix4x4.cpp */ = {isa = PBXFileReference; fileEncoding = 4; lastKnownFileType = sourcecode.cpp.cpp; path = ofxMatrix4x4.cpp; sourceTree = "<group>"; };
		B01BC15411F12836009D9444 /* ofxMatrix4x4.h */ = {isa = PBXFileReference; fileEncoding = 4; lastKnownFileType = sourcecode.c.h; path = ofxMatrix4x4.h; sourceTree = "<group>"; };
		B01BC15511F12836009D9444 /* ofxPoint2f.h */ = {isa = PBXFileReference; fileEncoding = 4; lastKnownFileType = sourcecode.c.h; path = ofxPoint2f.h; sourceTree = "<group>"; };
		B01BC15611F12836009D9444 /* ofxPoint3f.h */ = {isa = PBXFileReference; fileEncoding = 4; lastKnownFileType = sourcecode.c.h; path = ofxPoint3f.h; sourceTree = "<group>"; };
		B01BC15711F12836009D9444 /* ofxPoint4f.h */ = {isa = PBXFileReference; fileEncoding = 4; lastKnownFileType = sourcecode.c.h; path = ofxPoint4f.h; sourceTree = "<group>"; };
		B01BC15811F12836009D9444 /* ofxQuaternion.cpp */ = {isa = PBXFileReference; fileEncoding = 4; lastKnownFileType = sourcecode.cpp.cpp; path = ofxQuaternion.cpp; sourceTree = "<group>"; };
		B01BC15911F12836009D9444 /* ofxQuaternion.h */ = {isa = PBXFileReference; fileEncoding = 4; lastKnownFileType = sourcecode.c.h; path = ofxQuaternion.h; sourceTree = "<group>"; };
		B01BC15A11F12836009D9444 /* ofxVec2f.h */ = {isa = PBXFileReference; fileEncoding = 4; lastKnownFileType = sourcecode.c.h; path = ofxVec2f.h; sourceTree = "<group>"; };
		B01BC15B11F12836009D9444 /* ofxVec3f.h */ = {isa = PBXFileReference; fileEncoding = 4; lastKnownFileType = sourcecode.c.h; path = ofxVec3f.h; sourceTree = "<group>"; };
		B01BC15C11F12836009D9444 /* ofxVec4f.h */ = {isa = PBXFileReference; fileEncoding = 4; lastKnownFileType = sourcecode.c.h; path = ofxVec4f.h; sourceTree = "<group>"; };
		B01BC15D11F12836009D9444 /* ofxVectorMath.h */ = {isa = PBXFileReference; fileEncoding = 4; lastKnownFileType = sourcecode.c.h; path = ofxVectorMath.h; sourceTree = "<group>"; };
		B01BC15F11F12836009D9444 /* install.xml */ = {isa = PBXFileReference; fileEncoding = 4; lastKnownFileType = text.xml; path = install.xml; sourceTree = "<group>"; };
		B01BC16111F12836009D9444 /* tinyxml.cpp */ = {isa = PBXFileReference; fileEncoding = 4; lastKnownFileType = sourcecode.cpp.cpp; path = tinyxml.cpp; sourceTree = "<group>"; };
		B01BC16211F12836009D9444 /* tinyxml.h */ = {isa = PBXFileReference; fileEncoding = 4; lastKnownFileType = sourcecode.c.h; path = tinyxml.h; sourceTree = "<group>"; };
		B01BC16311F12836009D9444 /* tinyxmlerror.cpp */ = {isa = PBXFileReference; fileEncoding = 4; lastKnownFileType = sourcecode.cpp.cpp; path = tinyxmlerror.cpp; sourceTree = "<group>"; };
		B01BC16411F12836009D9444 /* tinyxmlparser.cpp */ = {isa = PBXFileReference; fileEncoding = 4; lastKnownFileType = sourcecode.cpp.cpp; path = tinyxmlparser.cpp; sourceTree = "<group>"; };
		B01BC16611F12836009D9444 /* ofxXmlSettings.cpp */ = {isa = PBXFileReference; fileEncoding = 4; lastKnownFileType = sourcecode.cpp.cpp; path = ofxXmlSettings.cpp; sourceTree = "<group>"; };
		B01BC16711F12836009D9444 /* ofxXmlSettings.h */ = {isa = PBXFileReference; fileEncoding = 4; lastKnownFileType = sourcecode.c.h; path = ofxXmlSettings.h; sourceTree = "<group>"; };
		E45BE0390E8CC647009D7055 /* FreeImage.h */ = {isa = PBXFileReference; fileEncoding = 4; lastKnownFileType = sourcecode.c.h; name = FreeImage.h; path = ../../../libs/freeimage/include/FreeImage.h; sourceTree = SOURCE_ROOT; };
		E45BE03F0E8CC650009D7055 /* fmod.h */ = {isa = PBXFileReference; fileEncoding = 4; lastKnownFileType = sourcecode.c.h; name = fmod.h; path = ../../../libs/fmodex/include/fmod.h; sourceTree = SOURCE_ROOT; };
		E45BE0400E8CC650009D7055 /* fmod.hpp */ = {isa = PBXFileReference; fileEncoding = 4; lastKnownFileType = sourcecode.cpp.h; name = fmod.hpp; path = ../../../libs/fmodex/include/fmod.hpp; sourceTree = SOURCE_ROOT; };
		E45BE0410E8CC650009D7055 /* fmod_codec.h */ = {isa = PBXFileReference; fileEncoding = 4; lastKnownFileType = sourcecode.c.h; name = fmod_codec.h; path = ../../../libs/fmodex/include/fmod_codec.h; sourceTree = SOURCE_ROOT; };
		E45BE0420E8CC650009D7055 /* fmod_dsp.h */ = {isa = PBXFileReference; fileEncoding = 4; lastKnownFileType = sourcecode.c.h; name = fmod_dsp.h; path = ../../../libs/fmodex/include/fmod_dsp.h; sourceTree = SOURCE_ROOT; };
		E45BE0430E8CC650009D7055 /* fmod_errors.h */ = {isa = PBXFileReference; fileEncoding = 4; lastKnownFileType = sourcecode.c.h; name = fmod_errors.h; path = ../../../libs/fmodex/include/fmod_errors.h; sourceTree = SOURCE_ROOT; };
		E45BE0440E8CC650009D7055 /* fmod_output.h */ = {isa = PBXFileReference; fileEncoding = 4; lastKnownFileType = sourcecode.c.h; name = fmod_output.h; path = ../../../libs/fmodex/include/fmod_output.h; sourceTree = SOURCE_ROOT; };
		E45BE0A70E8CC67C009D7055 /* GLee.h */ = {isa = PBXFileReference; fileEncoding = 4; lastKnownFileType = sourcecode.c.h; name = GLee.h; path = ../../../libs/GLee/include/GLee.h; sourceTree = SOURCE_ROOT; };
		E45BE0A90E8CC67C009D7055 /* GLee.a */ = {isa = PBXFileReference; lastKnownFileType = archive.ar; name = GLee.a; path = ../../../libs/GLee/lib/osx/GLee.a; sourceTree = SOURCE_ROOT; };
		E45BE2E00E8CC69C009D7055 /* RtAudio.h */ = {isa = PBXFileReference; fileEncoding = 4; lastKnownFileType = sourcecode.c.h; name = RtAudio.h; path = ../../../libs/rtAudio/include/RtAudio.h; sourceTree = SOURCE_ROOT; };
		E45BE2E10E8CC69C009D7055 /* RtError.h */ = {isa = PBXFileReference; fileEncoding = 4; lastKnownFileType = sourcecode.c.h; name = RtError.h; path = ../../../libs/rtAudio/include/RtError.h; sourceTree = SOURCE_ROOT; };
		E45BE2E30E8CC69C009D7055 /* rtAudio.a */ = {isa = PBXFileReference; lastKnownFileType = archive.ar; name = rtAudio.a; path = ../../../libs/rtAudio/lib/osx/rtAudio.a; sourceTree = SOURCE_ROOT; };
		E45BE9710E8CC7DD009D7055 /* AGL.framework */ = {isa = PBXFileReference; lastKnownFileType = wrapper.framework; name = AGL.framework; path = /System/Library/Frameworks/AGL.framework; sourceTree = "<absolute>"; };
		E45BE9720E8CC7DD009D7055 /* ApplicationServices.framework */ = {isa = PBXFileReference; lastKnownFileType = wrapper.framework; name = ApplicationServices.framework; path = /System/Library/Frameworks/ApplicationServices.framework; sourceTree = "<absolute>"; };
		E45BE9730E8CC7DD009D7055 /* AudioToolbox.framework */ = {isa = PBXFileReference; lastKnownFileType = wrapper.framework; name = AudioToolbox.framework; path = /System/Library/Frameworks/AudioToolbox.framework; sourceTree = "<absolute>"; };
		E45BE9740E8CC7DD009D7055 /* Carbon.framework */ = {isa = PBXFileReference; lastKnownFileType = wrapper.framework; name = Carbon.framework; path = /System/Library/Frameworks/Carbon.framework; sourceTree = "<absolute>"; };
		E45BE9750E8CC7DD009D7055 /* CoreAudio.framework */ = {isa = PBXFileReference; lastKnownFileType = wrapper.framework; name = CoreAudio.framework; path = /System/Library/Frameworks/CoreAudio.framework; sourceTree = "<absolute>"; };
		E45BE9760E8CC7DD009D7055 /* CoreFoundation.framework */ = {isa = PBXFileReference; lastKnownFileType = wrapper.framework; name = CoreFoundation.framework; path = /System/Library/Frameworks/CoreFoundation.framework; sourceTree = "<absolute>"; };
		E45BE9770E8CC7DD009D7055 /* CoreServices.framework */ = {isa = PBXFileReference; lastKnownFileType = wrapper.framework; name = CoreServices.framework; path = /System/Library/Frameworks/CoreServices.framework; sourceTree = "<absolute>"; };
		E45BE9790E8CC7DD009D7055 /* OpenGL.framework */ = {isa = PBXFileReference; lastKnownFileType = wrapper.framework; name = OpenGL.framework; path = /System/Library/Frameworks/OpenGL.framework; sourceTree = "<absolute>"; };
		E45BE97A0E8CC7DD009D7055 /* QuickTime.framework */ = {isa = PBXFileReference; lastKnownFileType = wrapper.framework; name = QuickTime.framework; path = /System/Library/Frameworks/QuickTime.framework; sourceTree = "<absolute>"; };
		E4B69B5B0A3A1756003C02F2 /* emptyExampleDebug.app */ = {isa = PBXFileReference; explicitFileType = wrapper.application; includeInIndex = 0; path = emptyExampleDebug.app; sourceTree = BUILT_PRODUCTS_DIR; };
		E4B6FCAD0C3E899E008CF71C /* openFrameworks-Info.plist */ = {isa = PBXFileReference; fileEncoding = 30; lastKnownFileType = text.plist.xml; path = "openFrameworks-Info.plist"; sourceTree = "<group>"; };
		E4C2421610CC549C004149E2 /* openFrameworksLib.xcodeproj */ = {isa = PBXFileReference; lastKnownFileType = "wrapper.pb-project"; name = openFrameworksLib.xcodeproj; path = ../../../libs/openFrameworksCompiled/project/osx/openFrameworksLib.xcodeproj; sourceTree = SOURCE_ROOT; };
		E4C2424410CC5A17004149E2 /* AppKit.framework */ = {isa = PBXFileReference; lastKnownFileType = wrapper.framework; name = AppKit.framework; path = /System/Library/Frameworks/AppKit.framework; sourceTree = "<absolute>"; };
		E4C2424510CC5A17004149E2 /* Cocoa.framework */ = {isa = PBXFileReference; lastKnownFileType = wrapper.framework; name = Cocoa.framework; path = /System/Library/Frameworks/Cocoa.framework; sourceTree = "<absolute>"; };
		E4C2424610CC5A17004149E2 /* IOKit.framework */ = {isa = PBXFileReference; lastKnownFileType = wrapper.framework; name = IOKit.framework; path = /System/Library/Frameworks/IOKit.framework; sourceTree = "<absolute>"; };
		E4C2425F10CC5A78004149E2 /* GLUT.framework */ = {isa = PBXFileReference; lastKnownFileType = wrapper.framework; name = GLUT.framework; path = ../../../libs/glut/lib/osx/GLUT.framework; sourceTree = SOURCE_ROOT; };
		E4C2427A10CC5B66004149E2 /* CppUnit.a */ = {isa = PBXFileReference; lastKnownFileType = archive.ar; name = CppUnit.a; path = ../../../libs/poco/lib/osx/CppUnit.a; sourceTree = SOURCE_ROOT; };
		E4C2427B10CC5B66004149E2 /* PocoFoundation.a */ = {isa = PBXFileReference; lastKnownFileType = archive.ar; name = PocoFoundation.a; path = ../../../libs/poco/lib/osx/PocoFoundation.a; sourceTree = SOURCE_ROOT; };
		E4C2427C10CC5B66004149E2 /* PocoNet.a */ = {isa = PBXFileReference; lastKnownFileType = archive.ar; name = PocoNet.a; path = ../../../libs/poco/lib/osx/PocoNet.a; sourceTree = SOURCE_ROOT; };
		E4C2427D10CC5B66004149E2 /* PocoUtil.a */ = {isa = PBXFileReference; lastKnownFileType = archive.ar; name = PocoUtil.a; path = ../../../libs/poco/lib/osx/PocoUtil.a; sourceTree = SOURCE_ROOT; };
		E4C2427E10CC5B66004149E2 /* PocoXML.a */ = {isa = PBXFileReference; lastKnownFileType = archive.ar; name = PocoXML.a; path = ../../../libs/poco/lib/osx/PocoXML.a; sourceTree = SOURCE_ROOT; };
		E4C2429310CC5C38004149E2 /* freetype.a */ = {isa = PBXFileReference; lastKnownFileType = archive.ar; name = freetype.a; path = ../../../libs/freetype/lib/osx/freetype.a; sourceTree = SOURCE_ROOT; };
		E4C242CC10CC650E004149E2 /* libfmodex.dylib */ = {isa = PBXFileReference; lastKnownFileType = "compiled.mach-o.dylib"; name = libfmodex.dylib; path = ../../../libs/fmodex/lib/osx/libfmodex.dylib; sourceTree = SOURCE_ROOT; };
		E4C246D910CCAE22004149E2 /* freeimage.a */ = {isa = PBXFileReference; lastKnownFileType = archive.ar; name = freeimage.a; path = ../../../libs/FreeImage/lib/osx/freeimage.a; sourceTree = SOURCE_ROOT; };
/* End PBXFileReference section */

/* Begin PBXFrameworksBuildPhase section */
		E4B69B590A3A1756003C02F2 /* Frameworks */ = {
			isa = PBXFrameworksBuildPhase;
			buildActionMask = 2147483647;
			files = (
				E4C2422B10CC554B004149E2 /* openFrameworksDebug.a in Frameworks */,
				E45BE0AA0E8CC67C009D7055 /* GLee.a in Frameworks */,
				E45BE2E40E8CC69C009D7055 /* rtAudio.a in Frameworks */,
				E45BE97B0E8CC7DD009D7055 /* AGL.framework in Frameworks */,
				E45BE97C0E8CC7DD009D7055 /* ApplicationServices.framework in Frameworks */,
				E45BE97D0E8CC7DD009D7055 /* AudioToolbox.framework in Frameworks */,
				E45BE97E0E8CC7DD009D7055 /* Carbon.framework in Frameworks */,
				E45BE97F0E8CC7DD009D7055 /* CoreAudio.framework in Frameworks */,
				E45BE9800E8CC7DD009D7055 /* CoreFoundation.framework in Frameworks */,
				E45BE9810E8CC7DD009D7055 /* CoreServices.framework in Frameworks */,
				E45BE9830E8CC7DD009D7055 /* OpenGL.framework in Frameworks */,
				E45BE9840E8CC7DD009D7055 /* QuickTime.framework in Frameworks */,
				E4C2424710CC5A17004149E2 /* AppKit.framework in Frameworks */,
				E4C2424810CC5A17004149E2 /* Cocoa.framework in Frameworks */,
				E4C2424910CC5A17004149E2 /* IOKit.framework in Frameworks */,
				E4C2426610CC5A78004149E2 /* GLUT.framework in Frameworks */,
				E4C2427F10CC5B66004149E2 /* CppUnit.a in Frameworks */,
				E4C2428010CC5B66004149E2 /* PocoFoundation.a in Frameworks */,
				E4C2428110CC5B66004149E2 /* PocoNet.a in Frameworks */,
				E4C2428210CC5B66004149E2 /* PocoUtil.a in Frameworks */,
				E4C2428310CC5B66004149E2 /* PocoXML.a in Frameworks */,
				E4C2429410CC5C38004149E2 /* freetype.a in Frameworks */,
				E4C242CD10CC650E004149E2 /* libfmodex.dylib in Frameworks */,
				E4C246DA10CCAE22004149E2 /* freeimage.a in Frameworks */,
				B01BC17411F12836009D9444 /* openCV.a in Frameworks */,
				B01BC17B11F12836009D9444 /* osc.a in Frameworks */,
			);
			runOnlyForDeploymentPostprocessing = 0;
		};
/* End PBXFrameworksBuildPhase section */

/* Begin PBXGroup section */
		B01BC08D11F12836009D9444 /* addons */ = {
			isa = PBXGroup;
			children = (
				B01BC08E11F12836009D9444 /* ofAddons.h */,
				B01BC08F11F12836009D9444 /* ofx3DModelLoader */,
				B01BC09B11F12836009D9444 /* ofx3DUtils */,
				B01BC0A511F12836009D9444 /* ofxControlPanel */,
				B01BC0BD11F12836009D9444 /* ofxDirList */,
				B01BC0C411F12836009D9444 /* ofxNetwork */,
				B01BC0D211F12836009D9444 /* ofxOpenCv */,
				B01BC0FB11F12836009D9444 /* ofxOsc */,
				B01BC11D11F12836009D9444 /* ofxQtVideoSaver */,
				B01BC12111F12836009D9444 /* ofxStructuredLight */,
				B01BC13E11F12836009D9444 /* ofxThread */,
				B01BC14511F12836009D9444 /* ofxVectorGraphics */,
				B01BC14E11F12836009D9444 /* ofxVectorMath */,
				B01BC15E11F12836009D9444 /* ofxXmlSettings */,
			);
			name = addons;
			path = ../../../addons;
			sourceTree = SOURCE_ROOT;
		};
		B01BC08F11F12836009D9444 /* ofx3DModelLoader */ = {
			isa = PBXGroup;
			children = (
				B01BC09011F12836009D9444 /* install.xml */,
				B01BC09111F12836009D9444 /* src */,
			);
			path = ofx3DModelLoader;
			sourceTree = "<group>";
		};
		B01BC09111F12836009D9444 /* src */ = {
			isa = PBXGroup;
			children = (
				B01BC09211F12836009D9444 /* 3DS */,
				B01BC09811F12836009D9444 /* ofx3DBaseLoader.h */,
				B01BC09911F12836009D9444 /* ofx3dModelLoader.cpp */,
				B01BC09A11F12836009D9444 /* ofx3DModelLoader.h */,
			);
			path = src;
			sourceTree = "<group>";
		};
		B01BC09211F12836009D9444 /* 3DS */ = {
			isa = PBXGroup;
			children = (
				B01BC09311F12836009D9444 /* model3DS.cpp */,
				B01BC09411F12836009D9444 /* model3DS.h */,
				B01BC09511F12836009D9444 /* texture3DS.cpp */,
				B01BC09611F12836009D9444 /* texture3DS.h */,
				B01BC09711F12836009D9444 /* Vector3DS.h */,
			);
			path = 3DS;
			sourceTree = "<group>";
		};
		B01BC09B11F12836009D9444 /* ofx3DUtils */ = {
			isa = PBXGroup;
			children = (
				B01BC09C11F12836009D9444 /* src */,
			);
			path = ofx3DUtils;
			sourceTree = "<group>";
		};
		B01BC09C11F12836009D9444 /* src */ = {
			isa = PBXGroup;
			children = (
				B01BC09D11F12836009D9444 /* ofx3DGraphics.cpp */,
				B01BC09E11F12836009D9444 /* ofx3DGraphics.h */,
				B01BC09F11F12836009D9444 /* ofx3DUtils.h */,
				B01BC0A011F12836009D9444 /* ofxCamera.cpp */,
				B01BC0A111F12836009D9444 /* ofxCamera.h */,
				B01BC0A211F12836009D9444 /* ofxEasyCam.h */,
				B01BC0A311F12836009D9444 /* ofxLight.cpp */,
				B01BC0A411F12836009D9444 /* ofxLight.h */,
			);
			path = src;
			sourceTree = "<group>";
		};
		B01BC0A511F12836009D9444 /* ofxControlPanel */ = {
			isa = PBXGroup;
			children = (
				B01BC0A611F12836009D9444 /* src */,
			);
			path = ofxControlPanel;
			sourceTree = "<group>";
		};
		B01BC0A611F12836009D9444 /* src */ = {
			isa = PBXGroup;
			children = (
				B01BC0A711F12836009D9444 /* guiBaseObject.h */,
				B01BC0A811F12836009D9444 /* guiColor.h */,
				B01BC0A911F12836009D9444 /* guiCustomImpl.h */,
				B01BC0AA11F12836009D9444 /* guiIncludes.h */,
				B01BC0AB11F12836009D9444 /* guiTextBase.h */,
				B01BC0AC11F12836009D9444 /* guiType2DSlider.h */,
				B01BC0AD11F12836009D9444 /* guiTypeCustom.h */,
				B01BC0AE11F12836009D9444 /* guiTypeDrawable.h */,
				B01BC0AF11F12836009D9444 /* guiTypeFileLister.h */,
				B01BC0B011F12836009D9444 /* guiTypeLogger.h */,
				B01BC0B111F12836009D9444 /* guiTypeMultiToggle.h */,
				B01BC0B211F12836009D9444 /* guiTypePanel.h */,
				B01BC0B311F12836009D9444 /* guiTypeSlider.h */,
				B01BC0B411F12836009D9444 /* guiTypeText.h */,
				B01BC0B511F12836009D9444 /* guiTypeToggle.h */,
				B01BC0B611F12836009D9444 /* guiValue.h */,
				B01BC0B711F12836009D9444 /* guiXmlValue.h */,
				B01BC0B811F12836009D9444 /* ofxControlPanel.cpp */,
				B01BC0B911F12836009D9444 /* ofxControlPanel.h */,
				B01BC0BA11F12836009D9444 /* simpleColor.h */,
				B01BC0BB11F12836009D9444 /* simpleFileLister.h */,
				B01BC0BC11F12836009D9444 /* simpleLogger.h */,
			);
			path = src;
			sourceTree = "<group>";
		};
		B01BC0BD11F12836009D9444 /* ofxDirList */ = {
			isa = PBXGroup;
			children = (
				B01BC0BE11F12836009D9444 /* doc */,
				B01BC0C011F12836009D9444 /* install.xml */,
				B01BC0C111F12836009D9444 /* src */,
			);
			path = ofxDirList;
			sourceTree = "<group>";
		};
		B01BC0BE11F12836009D9444 /* doc */ = {
			isa = PBXGroup;
			children = (
				B01BC0BF11F12836009D9444 /* Instructions.txt */,
			);
			path = doc;
			sourceTree = "<group>";
		};
		B01BC0C111F12836009D9444 /* src */ = {
			isa = PBXGroup;
			children = (
				B01BC0C211F12836009D9444 /* ofxDirList.cpp */,
				B01BC0C311F12836009D9444 /* ofxDirList.h */,
			);
			path = src;
			sourceTree = "<group>";
		};
		B01BC0C411F12836009D9444 /* ofxNetwork */ = {
			isa = PBXGroup;
			children = (
				B01BC0C511F12836009D9444 /* docs */,
				B01BC0C711F12836009D9444 /* install.xml */,
				B01BC0C811F12836009D9444 /* src */,
			);
			path = ofxNetwork;
			sourceTree = "<group>";
		};
		B01BC0C511F12836009D9444 /* docs */ = {
			isa = PBXGroup;
			children = (
				B01BC0C611F12836009D9444 /* Instructions.txt */,
			);
			path = docs;
			sourceTree = "<group>";
		};
		B01BC0C811F12836009D9444 /* src */ = {
			isa = PBXGroup;
			children = (
				B01BC0C911F12836009D9444 /* ofxNetwork.h */,
				B01BC0CA11F12836009D9444 /* ofxTCPClient.cpp */,
				B01BC0CB11F12836009D9444 /* ofxTCPClient.h */,
				B01BC0CC11F12836009D9444 /* ofxTCPManager.cpp */,
				B01BC0CD11F12836009D9444 /* ofxTCPManager.h */,
				B01BC0CE11F12836009D9444 /* ofxTCPServer.cpp */,
				B01BC0CF11F12836009D9444 /* ofxTCPServer.h */,
				B01BC0D011F12836009D9444 /* ofxUDPManager.cpp */,
				B01BC0D111F12836009D9444 /* ofxUDPManager.h */,
			);
			path = src;
			sourceTree = "<group>";
		};
		B01BC0D211F12836009D9444 /* ofxOpenCv */ = {
			isa = PBXGroup;
			children = (
				B01BC0D311F12836009D9444 /* install.xml */,
				B01BC0D411F12836009D9444 /* libs */,
				B01BC0EA11F12836009D9444 /* src */,
			);
			path = ofxOpenCv;
			sourceTree = "<group>";
		};
		B01BC0D411F12836009D9444 /* libs */ = {
			isa = PBXGroup;
			children = (
				B01BC0D511F12836009D9444 /* opencv */,
			);
			path = libs;
			sourceTree = "<group>";
		};
		B01BC0D511F12836009D9444 /* opencv */ = {
			isa = PBXGroup;
			children = (
				B01BC0D611F12836009D9444 /* include */,
				B01BC0E711F12836009D9444 /* lib */,
			);
			path = opencv;
			sourceTree = "<group>";
		};
		B01BC0D611F12836009D9444 /* include */ = {
			isa = PBXGroup;
			children = (
				B01BC0D711F12836009D9444 /* cv.h */,
				B01BC0D811F12836009D9444 /* cv.hpp */,
				B01BC0D911F12836009D9444 /* cvaux.h */,
				B01BC0DA11F12836009D9444 /* cvaux.hpp */,
				B01BC0DB11F12836009D9444 /* cvcompat.h */,
				B01BC0DC11F12836009D9444 /* cvmat.hpp */,
				B01BC0DD11F12836009D9444 /* cvstreams.h */,
				B01BC0DE11F12836009D9444 /* cvtypes.h */,
				B01BC0DF11F12836009D9444 /* cvver.h */,
				B01BC0E011F12836009D9444 /* cvvidsurv.hpp */,
				B01BC0E111F12836009D9444 /* cvwimage.h */,
				B01BC0E211F12836009D9444 /* cxcore.h */,
				B01BC0E311F12836009D9444 /* cxcore.hpp */,
				B01BC0E411F12836009D9444 /* cxerror.h */,
				B01BC0E511F12836009D9444 /* cxmisc.h */,
				B01BC0E611F12836009D9444 /* cxtypes.h */,
			);
			path = include;
			sourceTree = "<group>";
		};
		B01BC0E711F12836009D9444 /* lib */ = {
			isa = PBXGroup;
			children = (
				B01BC0E811F12836009D9444 /* osx */,
			);
			path = lib;
			sourceTree = "<group>";
		};
		B01BC0E811F12836009D9444 /* osx */ = {
			isa = PBXGroup;
			children = (
				B01BC0E911F12836009D9444 /* openCV.a */,
			);
			path = osx;
			sourceTree = "<group>";
		};
		B01BC0EA11F12836009D9444 /* src */ = {
			isa = PBXGroup;
			children = (
				B01BC0EB11F12836009D9444 /* ofxCvBlob.h */,
				B01BC0EC11F12836009D9444 /* ofxCvColorImage.cpp */,
				B01BC0ED11F12836009D9444 /* ofxCvColorImage.h */,
				B01BC0EE11F12836009D9444 /* ofxCvConstants.h */,
				B01BC0EF11F12836009D9444 /* ofxCvContourFinder.cpp */,
				B01BC0F011F12836009D9444 /* ofxCvContourFinder.h */,
				B01BC0F111F12836009D9444 /* ofxCvFloatImage.cpp */,
				B01BC0F211F12836009D9444 /* ofxCvFloatImage.h */,
				B01BC0F311F12836009D9444 /* ofxCvGrayscaleImage.cpp */,
				B01BC0F411F12836009D9444 /* ofxCvGrayscaleImage.h */,
				B01BC0F511F12836009D9444 /* ofxCvImage.cpp */,
				B01BC0F611F12836009D9444 /* ofxCvImage.h */,
				B01BC0F711F12836009D9444 /* ofxCvMain.h */,
				B01BC0F811F12836009D9444 /* ofxCvShortImage.cpp */,
				B01BC0F911F12836009D9444 /* ofxCvShortImage.h */,
				B01BC0FA11F12836009D9444 /* ofxOpenCv.h */,
			);
			path = src;
			sourceTree = "<group>";
		};
		B01BC0FB11F12836009D9444 /* ofxOsc */ = {
			isa = PBXGroup;
			children = (
				B01BC0FC11F12836009D9444 /* install.xml */,
				B01BC0FD11F12836009D9444 /* libs */,
				B01BC11211F12836009D9444 /* src */,
			);
			path = ofxOsc;
			sourceTree = "<group>";
		};
		B01BC0FD11F12836009D9444 /* libs */ = {
			isa = PBXGroup;
			children = (
				B01BC0FE11F12836009D9444 /* oscpack */,
			);
			path = libs;
			sourceTree = "<group>";
		};
		B01BC0FE11F12836009D9444 /* oscpack */ = {
			isa = PBXGroup;
			children = (
				B01BC0FF11F12836009D9444 /* include */,
				B01BC10F11F12836009D9444 /* lib */,
			);
			path = oscpack;
			sourceTree = "<group>";
		};
		B01BC0FF11F12836009D9444 /* include */ = {
			isa = PBXGroup;
			children = (
				B01BC10011F12836009D9444 /* ip */,
				B01BC10611F12836009D9444 /* osc */,
			);
			path = include;
			sourceTree = "<group>";
		};
		B01BC10011F12836009D9444 /* ip */ = {
			isa = PBXGroup;
			children = (
				B01BC10111F12836009D9444 /* IpEndpointName.h */,
				B01BC10211F12836009D9444 /* NetworkingUtils.h */,
				B01BC10311F12836009D9444 /* PacketListener.h */,
				B01BC10411F12836009D9444 /* TimerListener.h */,
				B01BC10511F12836009D9444 /* UdpSocket.h */,
			);
			path = ip;
			sourceTree = "<group>";
		};
		B01BC10611F12836009D9444 /* osc */ = {
			isa = PBXGroup;
			children = (
				B01BC10711F12836009D9444 /* MessageMappingOscPacketListener.h */,
				B01BC10811F12836009D9444 /* OscException.h */,
				B01BC10911F12836009D9444 /* OscHostEndianness.h */,
				B01BC10A11F12836009D9444 /* OscOutboundPacketStream.h */,
				B01BC10B11F12836009D9444 /* OscPacketListener.h */,
				B01BC10C11F12836009D9444 /* OscPrintReceivedElements.h */,
				B01BC10D11F12836009D9444 /* OscReceivedElements.h */,
				B01BC10E11F12836009D9444 /* OscTypes.h */,
			);
			path = osc;
			sourceTree = "<group>";
		};
		B01BC10F11F12836009D9444 /* lib */ = {
			isa = PBXGroup;
			children = (
				B01BC11011F12836009D9444 /* osx */,
			);
			path = lib;
			sourceTree = "<group>";
		};
		B01BC11011F12836009D9444 /* osx */ = {
			isa = PBXGroup;
			children = (
				B01BC11111F12836009D9444 /* osc.a */,
			);
			path = osx;
			sourceTree = "<group>";
		};
		B01BC11211F12836009D9444 /* src */ = {
			isa = PBXGroup;
			children = (
				B01BC11311F12836009D9444 /* ofxOsc.h */,
				B01BC11411F12836009D9444 /* ofxOscArg.h */,
				B01BC11511F12836009D9444 /* ofxOscBundle.cpp */,
				B01BC11611F12836009D9444 /* ofxOscBundle.h */,
				B01BC11711F12836009D9444 /* ofxOscMessage.cpp */,
				B01BC11811F12836009D9444 /* ofxOscMessage.h */,
				B01BC11911F12836009D9444 /* ofxOscReceiver.cpp */,
				B01BC11A11F12836009D9444 /* ofxOscReceiver.h */,
				B01BC11B11F12836009D9444 /* ofxOscSender.cpp */,
				B01BC11C11F12836009D9444 /* ofxOscSender.h */,
			);
			path = src;
			sourceTree = "<group>";
		};
		B01BC11D11F12836009D9444 /* ofxQtVideoSaver */ = {
			isa = PBXGroup;
			children = (
				B01BC11E11F12836009D9444 /* src */,
			);
			path = ofxQtVideoSaver;
			sourceTree = "<group>";
		};
		B01BC11E11F12836009D9444 /* src */ = {
			isa = PBXGroup;
			children = (
				B01BC11F11F12836009D9444 /* ofxQtVideoSaver.cpp */,
				B01BC12011F12836009D9444 /* ofxQtVideoSaver.h */,
			);
			path = src;
			sourceTree = "<group>";
		};
		B01BC12111F12836009D9444 /* ofxStructuredLight */ = {
			isa = PBXGroup;
			children = (
				B01BC12211F12836009D9444 /* src */,
			);
			path = ofxStructuredLight;
			sourceTree = "<group>";
		};
		B01BC12211F12836009D9444 /* src */ = {
			isa = PBXGroup;
			children = (
				B01BC12311F12836009D9444 /* DepthDecoder.cpp */,
				B01BC12411F12836009D9444 /* DepthDecoder.h */,
				B01BC12511F12836009D9444 /* DepthExporter.cpp */,
				B01BC12611F12836009D9444 /* DepthExporter.h */,
				B01BC12711F12836009D9444 /* FastBlur.h */,
				B01BC12811F12836009D9444 /* FloodFillDecoder.cpp */,
				B01BC12911F12836009D9444 /* FloodFillDecoder.h */,
				B01BC12A11F12836009D9444 /* GradientGenerator.cpp */,
				B01BC12B11F12836009D9444 /* GradientGenerator.h */,
				B01BC12C11F12836009D9444 /* GrayCodeGenerator.cpp */,
				B01BC12D11F12836009D9444 /* GrayCodeGenerator.h */,
				B01BC12E11F12836009D9444 /* ofxStructuredLight.h */,
				B01BC12F11F12836009D9444 /* PatternGenerator.cpp */,
				B01BC13011F12836009D9444 /* PatternGenerator.h */,
				B01BC13111F12836009D9444 /* PhaseConstants.h */,
				B01BC13211F12836009D9444 /* PhaseDecoder.cpp */,
				B01BC13311F12836009D9444 /* PhaseDecoder.h */,
				B01BC13411F12836009D9444 /* PriorityDecoder.cpp */,
				B01BC13511F12836009D9444 /* PriorityDecoder.h */,
				B01BC13611F12836009D9444 /* ThreePhaseDecoder.cpp */,
				B01BC13711F12836009D9444 /* ThreePhaseDecoder.h */,
				B01BC13811F12836009D9444 /* ThreePhaseGenerator.cpp */,
				B01BC13911F12836009D9444 /* ThreePhaseGenerator.h */,
				B01BC13A11F12836009D9444 /* TwoPlusOneDecoder.cpp */,
				B01BC13B11F12836009D9444 /* TwoPlusOneDecoder.h */,
				B01BC13C11F12836009D9444 /* TwoPlusOneGenerator.cpp */,
				B01BC13D11F12836009D9444 /* TwoPlusOneGenerator.h */,
			);
			path = src;
			sourceTree = "<group>";
		};
		B01BC13E11F12836009D9444 /* ofxThread */ = {
			isa = PBXGroup;
			children = (
				B01BC13F11F12836009D9444 /* docs */,
				B01BC14111F12836009D9444 /* install.xml */,
				B01BC14211F12836009D9444 /* src */,
			);
			path = ofxThread;
			sourceTree = "<group>";
		};
		B01BC13F11F12836009D9444 /* docs */ = {
			isa = PBXGroup;
			children = (
				B01BC14011F12836009D9444 /* Instructions.txt */,
			);
			path = docs;
			sourceTree = "<group>";
		};
		B01BC14211F12836009D9444 /* src */ = {
			isa = PBXGroup;
			children = (
				B01BC14311F12836009D9444 /* ofxThread.cpp */,
				B01BC14411F12836009D9444 /* ofxThread.h */,
			);
			path = src;
			sourceTree = "<group>";
		};
		B01BC14511F12836009D9444 /* ofxVectorGraphics */ = {
			isa = PBXGroup;
			children = (
				B01BC14611F12836009D9444 /* install.xml */,
				B01BC14711F12836009D9444 /* libs */,
				B01BC14B11F12836009D9444 /* src */,
			);
			path = ofxVectorGraphics;
			sourceTree = "<group>";
		};
		B01BC14711F12836009D9444 /* libs */ = {
			isa = PBXGroup;
			children = (
				B01BC14811F12836009D9444 /* CreEPS.cpp */,
				B01BC14911F12836009D9444 /* CreEPS.hpp */,
				B01BC14A11F12836009D9444 /* CreEPS_Types.hpp */,
			);
			path = libs;
			sourceTree = "<group>";
		};
		B01BC14B11F12836009D9444 /* src */ = {
			isa = PBXGroup;
			children = (
				B01BC14C11F12836009D9444 /* ofxVectorGraphics.cpp */,
				B01BC14D11F12836009D9444 /* ofxVectorGraphics.h */,
			);
			path = src;
			sourceTree = "<group>";
		};
		B01BC14E11F12836009D9444 /* ofxVectorMath */ = {
			isa = PBXGroup;
			children = (
				B01BC14F11F12836009D9444 /* install.xml */,
				B01BC15011F12836009D9444 /* src */,
			);
			path = ofxVectorMath;
			sourceTree = "<group>";
		};
		B01BC15011F12836009D9444 /* src */ = {
			isa = PBXGroup;
			children = (
				B01BC15111F12836009D9444 /* ofxMatrix3x3.cpp */,
				B01BC15211F12836009D9444 /* ofxMatrix3x3.h */,
				B01BC15311F12836009D9444 /* ofxMatrix4x4.cpp */,
				B01BC15411F12836009D9444 /* ofxMatrix4x4.h */,
				B01BC15511F12836009D9444 /* ofxPoint2f.h */,
				B01BC15611F12836009D9444 /* ofxPoint3f.h */,
				B01BC15711F12836009D9444 /* ofxPoint4f.h */,
				B01BC15811F12836009D9444 /* ofxQuaternion.cpp */,
				B01BC15911F12836009D9444 /* ofxQuaternion.h */,
				B01BC15A11F12836009D9444 /* ofxVec2f.h */,
				B01BC15B11F12836009D9444 /* ofxVec3f.h */,
				B01BC15C11F12836009D9444 /* ofxVec4f.h */,
				B01BC15D11F12836009D9444 /* ofxVectorMath.h */,
			);
			path = src;
			sourceTree = "<group>";
		};
		B01BC15E11F12836009D9444 /* ofxXmlSettings */ = {
			isa = PBXGroup;
			children = (
				B01BC15F11F12836009D9444 /* install.xml */,
				B01BC16011F12836009D9444 /* libs */,
				B01BC16511F12836009D9444 /* src */,
			);
			path = ofxXmlSettings;
			sourceTree = "<group>";
		};
		B01BC16011F12836009D9444 /* libs */ = {
			isa = PBXGroup;
			children = (
				B01BC16111F12836009D9444 /* tinyxml.cpp */,
				B01BC16211F12836009D9444 /* tinyxml.h */,
				B01BC16311F12836009D9444 /* tinyxmlerror.cpp */,
				B01BC16411F12836009D9444 /* tinyxmlparser.cpp */,
			);
			path = libs;
			sourceTree = "<group>";
		};
		B01BC16511F12836009D9444 /* src */ = {
			isa = PBXGroup;
			children = (
				B01BC16611F12836009D9444 /* ofxXmlSettings.cpp */,
				B01BC16711F12836009D9444 /* ofxXmlSettings.h */,
			);
			path = src;
			sourceTree = "<group>";
		};
		E45BE0360E8CC5DE009D7055 /* libs */ = {
			isa = PBXGroup;
			children = (
				E45BEED60E8CCB34009D7055 /* core */,
			);
			name = libs;
			sourceTree = "<group>";
		};
		E45BE0370E8CC647009D7055 /* freeimage */ = {
			isa = PBXGroup;
			children = (
				E4C246D810CCAE22004149E2 /* osx */,
				E45BE0380E8CC647009D7055 /* include */,
			);
			name = freeimage;
			path = ../../../libs/freeimage;
			sourceTree = SOURCE_ROOT;
		};
		E45BE0380E8CC647009D7055 /* include */ = {
			isa = PBXGroup;
			children = (
				E45BE0390E8CC647009D7055 /* FreeImage.h */,
			);
			name = include;
			path = ../../../libs/freeimage/include;
			sourceTree = SOURCE_ROOT;
		};
		E45BE03D0E8CC650009D7055 /* fmodex */ = {
			isa = PBXGroup;
			children = (
				E45BE03E0E8CC650009D7055 /* inc */,
				E4C2428E10CC5C18004149E2 /* osx */,
			);
			name = fmodex;
			path = ../../../libs/fmodex;
			sourceTree = SOURCE_ROOT;
		};
		E45BE03E0E8CC650009D7055 /* inc */ = {
			isa = PBXGroup;
			children = (
				E45BE03F0E8CC650009D7055 /* fmod.h */,
				E45BE0400E8CC650009D7055 /* fmod.hpp */,
				E45BE0410E8CC650009D7055 /* fmod_codec.h */,
				E45BE0420E8CC650009D7055 /* fmod_dsp.h */,
				E45BE0430E8CC650009D7055 /* fmod_errors.h */,
				E45BE0440E8CC650009D7055 /* fmod_output.h */,
			);
			name = inc;
			path = ../../../libs/fmodex/include;
			sourceTree = SOURCE_ROOT;
		};
		E45BE0480E8CC657009D7055 /* core libraries */ = {
			isa = PBXGroup;
			children = (
				E4C2425B10CC5A78004149E2 /* glut */,
				E45BEC7B0E8CC911009D7055 /* poco */,
				E45BE2D50E8CC69C009D7055 /* rtAudio */,
				E45BE0A50E8CC67C009D7055 /* GLee */,
				E45BE0490E8CC676009D7055 /* freetype */,
				E45BE03D0E8CC650009D7055 /* fmodex */,
				E45BE0370E8CC647009D7055 /* freeimage */,
			);
			name = "core libraries";
			sourceTree = "<group>";
		};
		E45BE0490E8CC676009D7055 /* freetype */ = {
			isa = PBXGroup;
			children = (
				E4C2429210CC5C38004149E2 /* osx */,
			);
			name = freetype;
			path = ../../../libs/freetype;
			sourceTree = SOURCE_ROOT;
		};
		E45BE0A50E8CC67C009D7055 /* GLee */ = {
			isa = PBXGroup;
			children = (
				E45BE0A60E8CC67C009D7055 /* include */,
				E45BE0A80E8CC67C009D7055 /* lib */,
			);
			name = GLee;
			path = ../../../libs/GLee;
			sourceTree = SOURCE_ROOT;
		};
		E45BE0A60E8CC67C009D7055 /* include */ = {
			isa = PBXGroup;
			children = (
				E45BE0A70E8CC67C009D7055 /* GLee.h */,
			);
			name = include;
			path = ../../../libs/GLee/include;
			sourceTree = SOURCE_ROOT;
		};
		E45BE0A80E8CC67C009D7055 /* lib */ = {
			isa = PBXGroup;
			children = (
				E45BE0A90E8CC67C009D7055 /* GLee.a */,
			);
			name = lib;
			path = ../../../libs/GLee/lib/osx;
			sourceTree = SOURCE_ROOT;
		};
		E45BE2D50E8CC69C009D7055 /* rtAudio */ = {
			isa = PBXGroup;
			children = (
				E45BE2D60E8CC69C009D7055 /* include */,
				E45BE2E20E8CC69C009D7055 /* lib */,
			);
			name = rtAudio;
			path = ../../../libs/rtAudio;
			sourceTree = SOURCE_ROOT;
		};
		E45BE2D60E8CC69C009D7055 /* include */ = {
			isa = PBXGroup;
			children = (
				E45BE2D70E8CC69C009D7055 /* asio */,
				E45BE2E00E8CC69C009D7055 /* RtAudio.h */,
				E45BE2E10E8CC69C009D7055 /* RtError.h */,
			);
			name = include;
			path = ../../../libs/rtAudio/include;
			sourceTree = SOURCE_ROOT;
		};
		E45BE2D70E8CC69C009D7055 /* asio */ = {
			isa = PBXGroup;
			children = (
			);
			name = asio;
			path = ../../../libs/rtAudio/include/asio;
			sourceTree = SOURCE_ROOT;
		};
		E45BE2E20E8CC69C009D7055 /* lib */ = {
			isa = PBXGroup;
			children = (
				E45BE2E30E8CC69C009D7055 /* rtAudio.a */,
			);
			name = lib;
			path = ../../../libs/rtAudio/lib/osx;
			sourceTree = SOURCE_ROOT;
		};
		E45BE5980E8CC70C009D7055 /* core frameworks */ = {
			isa = PBXGroup;
			children = (
				E4C2424410CC5A17004149E2 /* AppKit.framework */,
				E4C2424510CC5A17004149E2 /* Cocoa.framework */,
				E4C2424610CC5A17004149E2 /* IOKit.framework */,
				E45BE9710E8CC7DD009D7055 /* AGL.framework */,
				E45BE9720E8CC7DD009D7055 /* ApplicationServices.framework */,
				E45BE9730E8CC7DD009D7055 /* AudioToolbox.framework */,
				E45BE9740E8CC7DD009D7055 /* Carbon.framework */,
				E45BE9750E8CC7DD009D7055 /* CoreAudio.framework */,
				E45BE9760E8CC7DD009D7055 /* CoreFoundation.framework */,
				E45BE9770E8CC7DD009D7055 /* CoreServices.framework */,
				E45BE9790E8CC7DD009D7055 /* OpenGL.framework */,
				E45BE97A0E8CC7DD009D7055 /* QuickTime.framework */,
			);
			name = "core frameworks";
			sourceTree = "<group>";
		};
		E45BEC7B0E8CC911009D7055 /* poco */ = {
			isa = PBXGroup;
			children = (
				E4C2427910CC5B66004149E2 /* osx */,
			);
			name = poco;
			path = ../../../libs/poco;
			sourceTree = SOURCE_ROOT;
		};
		E45BEED60E8CCB34009D7055 /* core */ = {
			isa = PBXGroup;
			children = (
				E45BE0480E8CC657009D7055 /* core libraries */,
				E45BE5980E8CC70C009D7055 /* core frameworks */,
			);
			name = core;
			sourceTree = "<group>";
		};
		E4B69B4A0A3A1720003C02F2 = {
			isa = PBXGroup;
			children = (
				B01BC08D11F12836009D9444 /* addons */,
				E4B69B5B0A3A1756003C02F2 /* emptyExampleDebug.app */,
				E4B6FCAD0C3E899E008CF71C /* openFrameworks-Info.plist */,
				E4B69E1C0A3A1BDC003C02F2 /* src */,
				E4C2422310CC54B6004149E2 /* openFrameworks */,
				E45BE0360E8CC5DE009D7055 /* libs */,
			);
			sourceTree = "<group>";
		};
		E4B69E1C0A3A1BDC003C02F2 /* src */ = {
			isa = PBXGroup;
			children = (
				B01BC07611F12819009D9444 /* LutFilter.h */,
				B01BC07711F12819009D9444 /* GammaCalibration.h */,
				B01BC07811F12819009D9444 /* LutFilter.cpp */,
				B01BC07911F12819009D9444 /* ThreadedSolver.h */,
				B01BC07A11F12819009D9444 /* testApp.h */,
				B01BC07B11F12819009D9444 /* main.cpp */,
				B01BC07C11F12819009D9444 /* testApp.cpp */,
				B01BC07D11F12819009D9444 /* ThreadedSolver.cpp */,
				B01BC07E11F12819009D9444 /* GammaCalibration.cpp */,
			);
			path = src;
			sourceTree = SOURCE_ROOT;
		};
		E4C2421710CC549C004149E2 /* Products */ = {
			isa = PBXGroup;
			children = (
				E4C2421E10CC549C004149E2 /* openFrameworksDebug.a */,
			);
			name = Products;
			sourceTree = "<group>";
		};
		E4C2422310CC54B6004149E2 /* openFrameworks */ = {
			isa = PBXGroup;
			children = (
				E4C2421610CC549C004149E2 /* openFrameworksLib.xcodeproj */,
			);
			name = openFrameworks;
			sourceTree = "<group>";
		};
		E4C2425B10CC5A78004149E2 /* glut */ = {
			isa = PBXGroup;
			children = (
				E4C2425D10CC5A78004149E2 /* lib */,
			);
			name = glut;
			path = ../../../libs/glut;
			sourceTree = SOURCE_ROOT;
		};
		E4C2425D10CC5A78004149E2 /* lib */ = {
			isa = PBXGroup;
			children = (
				E4C2425E10CC5A78004149E2 /* osx */,
			);
			name = lib;
			path = ../../../libs/glut/lib;
			sourceTree = SOURCE_ROOT;
		};
		E4C2425E10CC5A78004149E2 /* osx */ = {
			isa = PBXGroup;
			children = (
				E4C2425F10CC5A78004149E2 /* GLUT.framework */,
			);
			name = osx;
			path = ../../../libs/glut/lib/osx;
			sourceTree = SOURCE_ROOT;
		};
		E4C2427910CC5B66004149E2 /* osx */ = {
			isa = PBXGroup;
			children = (
				E4C2427A10CC5B66004149E2 /* CppUnit.a */,
				E4C2427B10CC5B66004149E2 /* PocoFoundation.a */,
				E4C2427C10CC5B66004149E2 /* PocoNet.a */,
				E4C2427D10CC5B66004149E2 /* PocoUtil.a */,
				E4C2427E10CC5B66004149E2 /* PocoXML.a */,
			);
			name = osx;
			path = ../../../libs/poco/lib/osx;
			sourceTree = SOURCE_ROOT;
		};
		E4C2428E10CC5C18004149E2 /* osx */ = {
			isa = PBXGroup;
			children = (
				E4C242CC10CC650E004149E2 /* libfmodex.dylib */,
			);
			name = osx;
			path = ../../../libs/fmodex/lib/osx;
			sourceTree = SOURCE_ROOT;
		};
		E4C2429210CC5C38004149E2 /* osx */ = {
			isa = PBXGroup;
			children = (
				E4C2429310CC5C38004149E2 /* freetype.a */,
			);
			name = osx;
			path = ../../../libs/freetype/lib/osx;
			sourceTree = SOURCE_ROOT;
		};
		E4C246D810CCAE22004149E2 /* osx */ = {
			isa = PBXGroup;
			children = (
				E4C246D910CCAE22004149E2 /* freeimage.a */,
			);
			name = osx;
			path = ../../../libs/FreeImage/lib/osx;
			sourceTree = SOURCE_ROOT;
		};
/* End PBXGroup section */

/* Begin PBXNativeTarget section */
		E4B69B5A0A3A1756003C02F2 /* emptyExample */ = {
			isa = PBXNativeTarget;
			buildConfigurationList = E4B69B5F0A3A1757003C02F2 /* Build configuration list for PBXNativeTarget "emptyExample" */;
			buildPhases = (
				E4B69B580A3A1756003C02F2 /* Sources */,
				E4B69B590A3A1756003C02F2 /* Frameworks */,
				E4B6FFFD0C3F9AB9008CF71C /* ShellScript */,
				E4C2427710CC5ABF004149E2 /* CopyFiles */,
				E4C2444710CC769B004149E2 /* CopyFiles */,
			);
			buildRules = (
			);
			dependencies = (
				E4C2422810CC54DA004149E2 /* PBXTargetDependency */,
			);
			name = emptyExample;
			productName = myOFApp;
			productReference = E4B69B5B0A3A1756003C02F2 /* emptyExampleDebug.app */;
			productType = "com.apple.product-type.application";
		};
/* End PBXNativeTarget section */

/* Begin PBXProject section */
		E4B69B4C0A3A1720003C02F2 /* Project object */ = {
			isa = PBXProject;
			buildConfigurationList = E4B69B4D0A3A1720003C02F2 /* Build configuration list for PBXProject "GammaCalibrate" */;
			compatibilityVersion = "Xcode 2.4";
			hasScannedForEncodings = 0;
			mainGroup = E4B69B4A0A3A1720003C02F2;
			productRefGroup = E4B69B4A0A3A1720003C02F2;
			projectDirPath = "";
			projectReferences = (
				{
					ProductGroup = E4C2421710CC549C004149E2 /* Products */;
					ProjectRef = E4C2421610CC549C004149E2 /* openFrameworksLib.xcodeproj */;
				},
			);
			projectRoot = "";
			targets = (
				E4B69B5A0A3A1756003C02F2 /* emptyExample */,
			);
		};
/* End PBXProject section */

/* Begin PBXReferenceProxy section */
		E4C2421E10CC549C004149E2 /* openFrameworksDebug.a */ = {
			isa = PBXReferenceProxy;
			fileType = archive.ar;
			path = openFrameworksDebug.a;
			remoteRef = E4C2421D10CC549C004149E2 /* PBXContainerItemProxy */;
			sourceTree = BUILT_PRODUCTS_DIR;
		};
/* End PBXReferenceProxy section */

/* Begin PBXShellScriptBuildPhase section */
		E4B6FFFD0C3F9AB9008CF71C /* ShellScript */ = {
			isa = PBXShellScriptBuildPhase;
			buildActionMask = 2147483647;
			files = (
			);
			inputPaths = (
			);
			outputPaths = (
			);
			runOnlyForDeploymentPostprocessing = 0;
			shellPath = /bin/sh;
			shellScript = "cp -f ../../../libs/fmodex/lib/osx/libfmodex.dylib \"$TARGET_BUILD_DIR/$PRODUCT_NAME.app/Contents/MacOS/libfmodex.dylib\"\ninstall_name_tool -change ./libfmodex.dylib @executable_path/libfmodex.dylib \"$TARGET_BUILD_DIR/$PRODUCT_NAME.app/Contents/MacOS/$PRODUCT_NAME\" ";
		};
/* End PBXShellScriptBuildPhase section */

/* Begin PBXSourcesBuildPhase section */
		E4B69B580A3A1756003C02F2 /* Sources */ = {
			isa = PBXSourcesBuildPhase;
			buildActionMask = 2147483647;
			files = (
				B01BC07F11F12819009D9444 /* LutFilter.cpp in Sources */,
				B01BC08011F12819009D9444 /* main.cpp in Sources */,
				B01BC08111F12819009D9444 /* testApp.cpp in Sources */,
				B01BC08211F12819009D9444 /* ThreadedSolver.cpp in Sources */,
				B01BC08311F12819009D9444 /* GammaCalibration.cpp in Sources */,
				B01BC16811F12836009D9444 /* model3DS.cpp in Sources */,
				B01BC16911F12836009D9444 /* texture3DS.cpp in Sources */,
				B01BC16A11F12836009D9444 /* ofx3dModelLoader.cpp in Sources */,
				B01BC16B11F12836009D9444 /* ofx3DGraphics.cpp in Sources */,
				B01BC16C11F12836009D9444 /* ofxCamera.cpp in Sources */,
				B01BC16D11F12836009D9444 /* ofxLight.cpp in Sources */,
				B01BC16E11F12836009D9444 /* ofxControlPanel.cpp in Sources */,
				B01BC16F11F12836009D9444 /* ofxDirList.cpp in Sources */,
				B01BC17011F12836009D9444 /* ofxTCPClient.cpp in Sources */,
				B01BC17111F12836009D9444 /* ofxTCPManager.cpp in Sources */,
				B01BC17211F12836009D9444 /* ofxTCPServer.cpp in Sources */,
				B01BC17311F12836009D9444 /* ofxUDPManager.cpp in Sources */,
				B01BC17511F12836009D9444 /* ofxCvColorImage.cpp in Sources */,
				B01BC17611F12836009D9444 /* ofxCvContourFinder.cpp in Sources */,
				B01BC17711F12836009D9444 /* ofxCvFloatImage.cpp in Sources */,
				B01BC17811F12836009D9444 /* ofxCvGrayscaleImage.cpp in Sources */,
				B01BC17911F12836009D9444 /* ofxCvImage.cpp in Sources */,
				B01BC17A11F12836009D9444 /* ofxCvShortImage.cpp in Sources */,
				B01BC17C11F12836009D9444 /* ofxOscBundle.cpp in Sources */,
				B01BC17D11F12836009D9444 /* ofxOscMessage.cpp in Sources */,
				B01BC17E11F12836009D9444 /* ofxOscReceiver.cpp in Sources */,
				B01BC17F11F12836009D9444 /* ofxOscSender.cpp in Sources */,
				B01BC18011F12836009D9444 /* ofxQtVideoSaver.cpp in Sources */,
				B01BC18111F12836009D9444 /* DepthDecoder.cpp in Sources */,
				B01BC18211F12836009D9444 /* DepthExporter.cpp in Sources */,
				B01BC18311F12836009D9444 /* FloodFillDecoder.cpp in Sources */,
				B01BC18411F12836009D9444 /* GradientGenerator.cpp in Sources */,
				B01BC18511F12836009D9444 /* GrayCodeGenerator.cpp in Sources */,
				B01BC18611F12836009D9444 /* PatternGenerator.cpp in Sources */,
				B01BC18711F12836009D9444 /* PhaseDecoder.cpp in Sources */,
				B01BC18811F12836009D9444 /* PriorityDecoder.cpp in Sources */,
				B01BC18911F12836009D9444 /* ThreePhaseDecoder.cpp in Sources */,
				B01BC18A11F12836009D9444 /* ThreePhaseGenerator.cpp in Sources */,
				B01BC18B11F12836009D9444 /* TwoPlusOneDecoder.cpp in Sources */,
				B01BC18C11F12836009D9444 /* TwoPlusOneGenerator.cpp in Sources */,
				B01BC18D11F12836009D9444 /* ofxThread.cpp in Sources */,
				B01BC18E11F12836009D9444 /* CreEPS.cpp in Sources */,
				B01BC18F11F12836009D9444 /* ofxVectorGraphics.cpp in Sources */,
				B01BC19011F12836009D9444 /* ofxMatrix3x3.cpp in Sources */,
				B01BC19111F12836009D9444 /* ofxMatrix4x4.cpp in Sources */,
				B01BC19211F12836009D9444 /* ofxQuaternion.cpp in Sources */,
				B01BC19311F12836009D9444 /* tinyxml.cpp in Sources */,
				B01BC19411F12836009D9444 /* tinyxmlerror.cpp in Sources */,
				B01BC19511F12836009D9444 /* tinyxmlparser.cpp in Sources */,
				B01BC19611F12836009D9444 /* ofxXmlSettings.cpp in Sources */,
			);
			runOnlyForDeploymentPostprocessing = 0;
		};
/* End PBXSourcesBuildPhase section */

/* Begin PBXTargetDependency section */
		E4C2422810CC54DA004149E2 /* PBXTargetDependency */ = {
			isa = PBXTargetDependency;
			name = openFrameworks;
			targetProxy = E4C2422710CC54DA004149E2 /* PBXContainerItemProxy */;
		};
/* End PBXTargetDependency section */

/* Begin XCBuildConfiguration section */
		E4B27CA010CBF8A600536013 /* ReleaseUniversal */ = {
			isa = XCBuildConfiguration;
			buildSettings = {
				ARCHS = (
					ppc,
					i386,
				);
				CONFIGURATION_BUILD_DIR = "$(SRCROOT)/bin/";
				COPY_PHASE_STRIP = YES;
				DEAD_CODE_STRIPPING = YES;
				GCC_AUTO_VECTORIZATION = YES;
				GCC_ENABLE_SSE3_EXTENSIONS = YES;
				GCC_ENABLE_SUPPLEMENTAL_SSE3_INSTRUCTIONS = YES;
				GCC_INLINES_ARE_PRIVATE_EXTERN = NO;
				GCC_MODEL_TUNING = G5;
				GCC_OPTIMIZATION_LEVEL = 3;
				GCC_SYMBOLS_PRIVATE_EXTERN = NO;
				GCC_UNROLL_LOOPS = YES;
				GCC_WARN_ABOUT_DEPRECATED_FUNCTIONS = NO;
				GCC_WARN_ABOUT_INVALID_OFFSETOF_MACRO = NO;
				GCC_WARN_ALLOW_INCOMPLETE_PROTOCOL = NO;
				GCC_WARN_UNINITIALIZED_AUTOS = NO;
				GCC_WARN_UNUSED_VALUE = NO;
				GCC_WARN_UNUSED_VARIABLE = NO;
				HEADER_SEARCH_PATHS = (
					"../../../libs/openFrameworks/**",
					../../../libs/freetype/include/,
					../../../libs/freetype/include/freetype2,
					../../../libs/poco/include,
					../../../addons/,
				);
				OTHER_CPLUSPLUSFLAGS = (
					"-D__MACOSX_CORE__",
					"-lpthread",
				);
				OTHER_LDFLAGS = "";
				SDKROOT = /Developer/SDKs/MacOSX10.4u.sdk;
			};
			name = ReleaseUniversal;
		};
		E4B27CA110CBF8A600536013 /* ReleaseUniversal */ = {
			isa = XCBuildConfiguration;
			buildSettings = {
				COPY_PHASE_STRIP = YES;
				FRAMEWORK_SEARCH_PATHS = (
					"$(inherited)",
					"$(FRAMEWORK_SEARCH_PATHS_QUOTED_FOR_TARGET_1)",
				);
				FRAMEWORK_SEARCH_PATHS_QUOTED_FOR_TARGET_1 = "\"$(SRCROOT)/../../../libs/glut/lib/osx\"";
				GCC_ENABLE_FIX_AND_CONTINUE = NO;
				GCC_GENERATE_DEBUGGING_SYMBOLS = NO;
				GCC_MODEL_TUNING = G4;
				GCC_PRECOMPILE_PREFIX_HEADER = YES;
				GCC_PREFIX_HEADER = "$(SYSTEM_LIBRARY_DIR)/Frameworks/Carbon.framework/Headers/Carbon.h";
				INFOPLIST_FILE = "openFrameworks-Info.plist";
				INSTALL_PATH = "$(HOME)/Applications";
				LIBRARY_SEARCH_PATHS = (
					"$(inherited)",
					"$(LIBRARY_SEARCH_PATHS_QUOTED_FOR_TARGET_1)",
					"$(LIBRARY_SEARCH_PATHS_QUOTED_FOR_TARGET_2)",
					"$(LIBRARY_SEARCH_PATHS_QUOTED_FOR_TARGET_3)",
					"$(LIBRARY_SEARCH_PATHS_QUOTED_FOR_TARGET_4)",
					"$(LIBRARY_SEARCH_PATHS_QUOTED_FOR_TARGET_5)",
					"$(LIBRARY_SEARCH_PATHS_QUOTED_FOR_TARGET_6)",
					"$(LIBRARY_SEARCH_PATHS_QUOTED_FOR_TARGET_7)",
					"$(LIBRARY_SEARCH_PATHS_QUOTED_FOR_TARGET_8)",
					"$(LIBRARY_SEARCH_PATHS_QUOTED_FOR_TARGET_9)",
					"$(LIBRARY_SEARCH_PATHS_QUOTED_FOR_TARGET_10)",
					"$(LIBRARY_SEARCH_PATHS_QUOTED_FOR_TARGET_11)",
					"$(LIBRARY_SEARCH_PATHS_QUOTED_FOR_TARGET_12)",
					"$(LIBRARY_SEARCH_PATHS_QUOTED_FOR_TARGET_13)",
					"$(LIBRARY_SEARCH_PATHS_QUOTED_FOR_TARGET_14)",
					"$(LIBRARY_SEARCH_PATHS_QUOTED_FOR_TARGET_15)",
					"$(LIBRARY_SEARCH_PATHS_QUOTED_FOR_TARGET_2)",
					"$(LIBRARY_SEARCH_PATHS_QUOTED_1)",
					"$(LIBRARY_SEARCH_PATHS_QUOTED_2)",
				);
				LIBRARY_SEARCH_PATHS_QUOTED_1 = "\"$(SRCROOT)/../../../addons/ofxOpenCv/libs/opencv/lib/osx\"";
				LIBRARY_SEARCH_PATHS_QUOTED_2 = "\"$(SRCROOT)/../../../addons/ofxOsc/libs/oscpack/lib/osx\"";
				LIBRARY_SEARCH_PATHS_QUOTED_FOR_TARGET_1 = "\"$(SRCROOT)/../../../libs/freeimage/lib/osx\"";
				LIBRARY_SEARCH_PATHS_QUOTED_FOR_TARGET_14 = "\"$(SRCROOT)/../../../libs/fmodex/lib/osx\"";
				LIBRARY_SEARCH_PATHS_QUOTED_FOR_TARGET_15 = "\"$(SRCROOT)/../../../libs/freetype/lib/osx\"";
				LIBRARY_SEARCH_PATHS_QUOTED_FOR_TARGET_2 = "\"$(SRCROOT)/../../../libs/FreeImage/lib/osx\"";
				LIBRARY_SEARCH_PATHS_QUOTED_FOR_TARGET_4 = "\"$(SRCROOT)/../../../libs/GLee/lib/osx\"";
				LIBRARY_SEARCH_PATHS_QUOTED_FOR_TARGET_5 = "\"$(SRCROOT)/../../../libs/poco/lib/osx\"";
				LIBRARY_SEARCH_PATHS_QUOTED_FOR_TARGET_6 = "\"$(SRCROOT)/../../../libs/rtAudio/lib/osx\"";
				PREBINDING = NO;
				PRODUCT_NAME = "$(TARGET_NAME)Universal";
				WRAPPER_EXTENSION = app;
				ZERO_LINK = NO;
			};
			name = ReleaseUniversal;
		};
		E4B69B4E0A3A1720003C02F2 /* Debug */ = {
			isa = XCBuildConfiguration;
			buildSettings = {
				ARCHS = "$(NATIVE_ARCH)";
				CONFIGURATION_BUILD_DIR = "$(SRCROOT)/bin/";
				COPY_PHASE_STRIP = NO;
				DEAD_CODE_STRIPPING = YES;
				GCC_AUTO_VECTORIZATION = YES;
				GCC_ENABLE_SSE3_EXTENSIONS = YES;
				GCC_ENABLE_SUPPLEMENTAL_SSE3_INSTRUCTIONS = YES;
				GCC_INLINES_ARE_PRIVATE_EXTERN = NO;
				GCC_MODEL_TUNING = G5;
				GCC_SYMBOLS_PRIVATE_EXTERN = NO;
				GCC_WARN_ABOUT_DEPRECATED_FUNCTIONS = NO;
				GCC_WARN_ABOUT_INVALID_OFFSETOF_MACRO = NO;
				GCC_WARN_ALLOW_INCOMPLETE_PROTOCOL = NO;
				GCC_WARN_UNINITIALIZED_AUTOS = NO;
				GCC_WARN_UNUSED_VALUE = NO;
				GCC_WARN_UNUSED_VARIABLE = NO;
				HEADER_SEARCH_PATHS = (
					"../../../libs/openFrameworks/**",
					../../../libs/freetype/include/,
					../../../libs/freetype/include/freetype2,
					../../../libs/poco/include,
					../../../addons/,
				);
				OTHER_CPLUSPLUSFLAGS = (
					"-D__MACOSX_CORE__",
					"-lpthread",
				);
				OTHER_LDFLAGS = "";
				SDKROOT = /Developer/SDKs/MacOSX10.4u.sdk;
			};
			name = Debug;
		};
		E4B69B4F0A3A1720003C02F2 /* Release */ = {
			isa = XCBuildConfiguration;
			buildSettings = {
				ARCHS = "$(NATIVE_ARCH)";
				CONFIGURATION_BUILD_DIR = "$(SRCROOT)/bin/";
				COPY_PHASE_STRIP = YES;
				DEAD_CODE_STRIPPING = YES;
				GCC_AUTO_VECTORIZATION = YES;
				GCC_ENABLE_SSE3_EXTENSIONS = YES;
				GCC_ENABLE_SUPPLEMENTAL_SSE3_INSTRUCTIONS = YES;
				GCC_INLINES_ARE_PRIVATE_EXTERN = NO;
				GCC_MODEL_TUNING = G5;
				GCC_OPTIMIZATION_LEVEL = 3;
				GCC_SYMBOLS_PRIVATE_EXTERN = NO;
				GCC_UNROLL_LOOPS = YES;
				GCC_WARN_ABOUT_DEPRECATED_FUNCTIONS = NO;
				GCC_WARN_ABOUT_INVALID_OFFSETOF_MACRO = NO;
				GCC_WARN_ALLOW_INCOMPLETE_PROTOCOL = NO;
				GCC_WARN_UNINITIALIZED_AUTOS = NO;
				GCC_WARN_UNUSED_VALUE = NO;
				GCC_WARN_UNUSED_VARIABLE = NO;
				HEADER_SEARCH_PATHS = (
					"../../../libs/openFrameworks/**",
					../../../libs/freetype/include/,
					../../../libs/freetype/include/freetype2,
					../../../libs/poco/include,
					../../../addons/,
				);
				OTHER_CPLUSPLUSFLAGS = (
					"-D__MACOSX_CORE__",
					"-lpthread",
				);
				OTHER_LDFLAGS = "";
				SDKROOT = /Developer/SDKs/MacOSX10.4u.sdk;
			};
			name = Release;
		};
		E4B69B600A3A1757003C02F2 /* Debug */ = {
			isa = XCBuildConfiguration;
			buildSettings = {
				COPY_PHASE_STRIP = NO;
				FRAMEWORK_SEARCH_PATHS = (
					"$(inherited)",
					"$(FRAMEWORK_SEARCH_PATHS_QUOTED_FOR_TARGET_1)",
				);
				FRAMEWORK_SEARCH_PATHS_QUOTED_FOR_TARGET_1 = "\"$(SRCROOT)/../../../libs/glut/lib/osx\"";
				GCC_DYNAMIC_NO_PIC = NO;
				GCC_ENABLE_FIX_AND_CONTINUE = YES;
				GCC_GENERATE_DEBUGGING_SYMBOLS = YES;
				GCC_MODEL_TUNING = G4;
				GCC_OPTIMIZATION_LEVEL = 0;
				GCC_PRECOMPILE_PREFIX_HEADER = YES;
				GCC_PREFIX_HEADER = "$(SYSTEM_LIBRARY_DIR)/Frameworks/Carbon.framework/Headers/Carbon.h";
				INFOPLIST_FILE = "openFrameworks-Info.plist";
				INSTALL_PATH = "$(HOME)/Applications";
				LIBRARY_SEARCH_PATHS = (
					"$(inherited)",
					"$(LIBRARY_SEARCH_PATHS_QUOTED_FOR_TARGET_1)",
					"$(LIBRARY_SEARCH_PATHS_QUOTED_FOR_TARGET_2)",
					"$(LIBRARY_SEARCH_PATHS_QUOTED_FOR_TARGET_3)",
					"$(LIBRARY_SEARCH_PATHS_QUOTED_FOR_TARGET_4)",
					"$(LIBRARY_SEARCH_PATHS_QUOTED_FOR_TARGET_5)",
					"$(LIBRARY_SEARCH_PATHS_QUOTED_FOR_TARGET_6)",
					"$(LIBRARY_SEARCH_PATHS_QUOTED_FOR_TARGET_7)",
					"$(LIBRARY_SEARCH_PATHS_QUOTED_FOR_TARGET_8)",
					"$(LIBRARY_SEARCH_PATHS_QUOTED_FOR_TARGET_9)",
					"$(LIBRARY_SEARCH_PATHS_QUOTED_FOR_TARGET_10)",
					"$(LIBRARY_SEARCH_PATHS_QUOTED_FOR_TARGET_11)",
					"$(LIBRARY_SEARCH_PATHS_QUOTED_FOR_TARGET_12)",
					"$(LIBRARY_SEARCH_PATHS_QUOTED_FOR_TARGET_13)",
					"$(LIBRARY_SEARCH_PATHS_QUOTED_FOR_TARGET_14)",
					"$(LIBRARY_SEARCH_PATHS_QUOTED_FOR_TARGET_15)",
					"$(LIBRARY_SEARCH_PATHS_QUOTED_FOR_TARGET_2)",
					"$(LIBRARY_SEARCH_PATHS_QUOTED_FOR_TARGET_3)",
					"$(LIBRARY_SEARCH_PATHS_QUOTED_FOR_TARGET_7)",
				);
				LIBRARY_SEARCH_PATHS_QUOTED_FOR_TARGET_1 = "\"$(SRCROOT)/../../../libs/freeimage/lib/osx\"";
				LIBRARY_SEARCH_PATHS_QUOTED_FOR_TARGET_14 = "\"$(SRCROOT)/../../../libs/fmodex/lib/osx\"";
				LIBRARY_SEARCH_PATHS_QUOTED_FOR_TARGET_15 = "\"$(SRCROOT)/../../../libs/freetype/lib/osx\"";
				LIBRARY_SEARCH_PATHS_QUOTED_FOR_TARGET_2 = "\"$(SRCROOT)/../../../libs/FreeImage/lib/osx\"";
				LIBRARY_SEARCH_PATHS_QUOTED_FOR_TARGET_3 = "\"$(SRCROOT)/../../../addons/ofxOpenCv/libs/opencv/lib/osx\"";
				LIBRARY_SEARCH_PATHS_QUOTED_FOR_TARGET_4 = "\"$(SRCROOT)/../../../libs/GLee/lib/osx\"";
				LIBRARY_SEARCH_PATHS_QUOTED_FOR_TARGET_5 = "\"$(SRCROOT)/../../../libs/poco/lib/osx\"";
				LIBRARY_SEARCH_PATHS_QUOTED_FOR_TARGET_6 = "\"$(SRCROOT)/../../../libs/rtAudio/lib/osx\"";
				LIBRARY_SEARCH_PATHS_QUOTED_FOR_TARGET_7 = "\"$(SRCROOT)/../../../addons/ofxOsc/libs/oscpack/lib/osx\"";
				PREBINDING = NO;
				PRODUCT_NAME = "$(TARGET_NAME)Debug";
				WRAPPER_EXTENSION = app;
				ZERO_LINK = NO;
			};
			name = Debug;
		};
		E4B69B610A3A1757003C02F2 /* Release */ = {
			isa = XCBuildConfiguration;
			buildSettings = {
				COPY_PHASE_STRIP = YES;
				FRAMEWORK_SEARCH_PATHS = (
					"$(inherited)",
					"$(FRAMEWORK_SEARCH_PATHS_QUOTED_FOR_TARGET_1)",
				);
				FRAMEWORK_SEARCH_PATHS_QUOTED_FOR_TARGET_1 = "\"$(SRCROOT)/../../../libs/glut/lib/osx\"";
				GCC_ENABLE_FIX_AND_CONTINUE = NO;
				GCC_GENERATE_DEBUGGING_SYMBOLS = NO;
				GCC_MODEL_TUNING = G4;
				GCC_PRECOMPILE_PREFIX_HEADER = YES;
				GCC_PREFIX_HEADER = "$(SYSTEM_LIBRARY_DIR)/Frameworks/Carbon.framework/Headers/Carbon.h";
				INFOPLIST_FILE = "openFrameworks-Info.plist";
				INSTALL_PATH = "$(HOME)/Applications";
				LIBRARY_SEARCH_PATHS = (
					"$(inherited)",
					"$(LIBRARY_SEARCH_PATHS_QUOTED_FOR_TARGET_1)",
					"$(LIBRARY_SEARCH_PATHS_QUOTED_FOR_TARGET_2)",
					"$(LIBRARY_SEARCH_PATHS_QUOTED_FOR_TARGET_3)",
					"$(LIBRARY_SEARCH_PATHS_QUOTED_FOR_TARGET_4)",
					"$(LIBRARY_SEARCH_PATHS_QUOTED_FOR_TARGET_5)",
					"$(LIBRARY_SEARCH_PATHS_QUOTED_FOR_TARGET_6)",
					"$(LIBRARY_SEARCH_PATHS_QUOTED_FOR_TARGET_7)",
					"$(LIBRARY_SEARCH_PATHS_QUOTED_FOR_TARGET_8)",
					"$(LIBRARY_SEARCH_PATHS_QUOTED_FOR_TARGET_9)",
					"$(LIBRARY_SEARCH_PATHS_QUOTED_FOR_TARGET_10)",
					"$(LIBRARY_SEARCH_PATHS_QUOTED_FOR_TARGET_11)",
					"$(LIBRARY_SEARCH_PATHS_QUOTED_FOR_TARGET_12)",
					"$(LIBRARY_SEARCH_PATHS_QUOTED_FOR_TARGET_13)",
					"$(LIBRARY_SEARCH_PATHS_QUOTED_FOR_TARGET_14)",
					"$(LIBRARY_SEARCH_PATHS_QUOTED_FOR_TARGET_15)",
					"$(LIBRARY_SEARCH_PATHS_QUOTED_FOR_TARGET_2)",
					"$(LIBRARY_SEARCH_PATHS_QUOTED_1)",
					"$(LIBRARY_SEARCH_PATHS_QUOTED_2)",
				);
				LIBRARY_SEARCH_PATHS_QUOTED_1 = "\"$(SRCROOT)/../../../addons/ofxOpenCv/libs/opencv/lib/osx\"";
				LIBRARY_SEARCH_PATHS_QUOTED_2 = "\"$(SRCROOT)/../../../addons/ofxOsc/libs/oscpack/lib/osx\"";
				LIBRARY_SEARCH_PATHS_QUOTED_FOR_TARGET_1 = "\"$(SRCROOT)/../../../libs/freeimage/lib/osx\"";
				LIBRARY_SEARCH_PATHS_QUOTED_FOR_TARGET_14 = "\"$(SRCROOT)/../../../libs/fmodex/lib/osx\"";
				LIBRARY_SEARCH_PATHS_QUOTED_FOR_TARGET_15 = "\"$(SRCROOT)/../../../libs/freetype/lib/osx\"";
				LIBRARY_SEARCH_PATHS_QUOTED_FOR_TARGET_2 = "\"$(SRCROOT)/../../../libs/FreeImage/lib/osx\"";
				LIBRARY_SEARCH_PATHS_QUOTED_FOR_TARGET_4 = "\"$(SRCROOT)/../../../libs/GLee/lib/osx\"";
				LIBRARY_SEARCH_PATHS_QUOTED_FOR_TARGET_5 = "\"$(SRCROOT)/../../../libs/poco/lib/osx\"";
				LIBRARY_SEARCH_PATHS_QUOTED_FOR_TARGET_6 = "\"$(SRCROOT)/../../../libs/rtAudio/lib/osx\"";
				PREBINDING = NO;
				PRODUCT_NAME = "$(TARGET_NAME)";
				WRAPPER_EXTENSION = app;
				ZERO_LINK = NO;
			};
			name = Release;
		};
/* End XCBuildConfiguration section */

/* Begin XCConfigurationList section */
		E4B69B4D0A3A1720003C02F2 /* Build configuration list for PBXProject "GammaCalibrate" */ = {
			isa = XCConfigurationList;
			buildConfigurations = (
				E4B69B4E0A3A1720003C02F2 /* Debug */,
				E4B69B4F0A3A1720003C02F2 /* Release */,
				E4B27CA010CBF8A600536013 /* ReleaseUniversal */,
			);
			defaultConfigurationIsVisible = 0;
			defaultConfigurationName = Release;
		};
		E4B69B5F0A3A1757003C02F2 /* Build configuration list for PBXNativeTarget "emptyExample" */ = {
			isa = XCConfigurationList;
			buildConfigurations = (
				E4B69B600A3A1757003C02F2 /* Debug */,
				E4B69B610A3A1757003C02F2 /* Release */,
				E4B27CA110CBF8A600536013 /* ReleaseUniversal */,
			);
			defaultConfigurationIsVisible = 0;
			defaultConfigurationName = Release;
		};
/* End XCConfigurationList section */
	};
	rootObject = E4B69B4C0A3A1720003C02F2 /* Project object */;
}
