<?xml version="1.0" encoding="UTF-8" standalone="yes" ?>
<CodeBlocks_project_file>
	<FileVersion major="1" minor="6" />
	<Project>
		<Option title="capture" />
		<Option pch_mode="2" />
		<Option compiler="gcc" />
		<Build>
			<Target title="release">
				<Option output="bin\$(PROJECT_NAME)" prefix_auto="1" extension_auto="1" />
				<Option working_dir="bin" />
				<Option object_output="obj\release" />
				<Option external_deps="..\..\..\libs\openFrameworksCompiled\lib\win_cb\openFrameworks.lib;" />
				<Option type="1" />
				<Option compiler="gcc" />
				<Option projectLinkerOptionsRelation="2" />
				<Compiler>
					<Add option="-O2" />
				</Compiler>
				<Linker>
					<Add option="-s" />
					<Add option="../../../libs/openFrameworksCompiled/lib/win_cb/openFrameworks.lib" />
				</Linker>
			</Target>
			<Target title="debug">
				<Option output="bin\$(PROJECT_NAME)_DEBUG" prefix_auto="1" extension_auto="1" />
				<Option working_dir="bin" />
				<Option object_output="obj\debug\" />
				<Option external_deps="..\..\..\libs\openFrameworksCompiled\lib\win_cb\openFrameworksDebug.lib;" />
				<Option type="1" />
				<Option compiler="gcc" />
				<Option projectLinkerOptionsRelation="2" />
				<Compiler>
					<Add option="-g" />
				</Compiler>
				<Linker>
					<Add option="../../../libs/openFrameworksCompiled/lib/win_cb/openFrameworksDebug.lib" />
				</Linker>
			</Target>
		</Build>
		<Compiler>
			<Add option="-Wno-multichar" />
			<Add directory="..\..\..\libs\glu\include" />
			<Add directory="..\..\..\libs\freetype\include" />
			<Add directory="..\..\..\libs\freetype\include\freetype2" />
			<Add directory="..\..\..\libs\FreeImage\include" />
			<Add directory="..\..\..\libs\quicktime\include" />
			<Add directory="..\..\..\libs\rtAudio\include" />
			<Add directory="..\..\..\libs\fmodex\include" />
			<Add directory="..\..\..\libs\videoInput\include" />
			<Add directory="..\..\..\libs\glee\include" />
			<Add directory="..\..\..\libs\glut\include" />
			<Add directory="..\..\..\libs\openFrameworks" />
			<Add directory="..\..\..\libs\openFrameworks\app" />
			<Add directory="..\..\..\libs\openFrameworks\events" />
			<Add directory="..\..\..\libs\openFrameworks\graphics" />
			<Add directory="..\..\..\libs\openFrameworks\utils" />
			<Add directory="..\..\..\libs\openFrameworks\sound" />
			<Add directory="..\..\..\libs\openFrameworks\video" />
			<Add directory="..\..\..\libs\openFrameworks\communication" />
			<Add directory="..\..\..\libs\poco\include" />
			<Add directory="..\..\..\addons\ofxStructuredLight\src" />
			<Add directory="..\..\..\addons\ofxControlPanel\src" />
			<Add directory="..\..\..\addons\ofxXmlSettings\src" />
			<Add directory="..\..\..\addons\ofxXmlSettings\libs" />
			<Add directory="..\..\..\addons\ofxDirList\src" />
			<Add directory="..\..\..\addons\ofxThread\src" />
		</Compiler>
		<Linker>
			<Add option="../../../libs/FreeImage/lib/win_cb/FreeImage.lib" />
			<Add option="../../../libs/rtAudio/lib/win_cb/RtAudio.a" />
			<Add option="../../../libs/quicktime/lib/win_cb/qtmlClient.lib" />
			<Add option="../../../libs/freetype/lib/win_cb/libfreetype.a" />
			<Add option="../../../libs/glut/lib/win_cb/libglut.a" />
			<Add option="../../../libs/videoInput/lib/win_cb/videoInputLib.a" />
			<Add option="../../../libs/fmodex/lib/win_cb/libfmodex.a" />
			<Add option="../../../libs/glee/lib/win_cb/GLee.lib" />
			<Add option="../../../libs/glu/lib/win_cb/glu32.lib" />
			<Add option="../../../libs/poco/lib/win_cb/libPocoNetmt.a" />
			<Add option="../../../libs/poco/lib/win_cb/libPocoUtilmt.a" />
			<Add option="../../../libs/poco/lib/win_cb/libPocoXMLmt.a" />
			<Add option="../../../libs/poco/lib/win_cb/libPocoFoundationmt.a" />
			<Add option="-lopengl32" />
			<Add option="-lglu32" />
			<Add option="-ldsound" />
			<Add option="-lwinmm" />
			<Add option="-ldxguid" />
			<Add option="-lstrmbase" />
			<Add option="-lstrmiids" />
			<Add option="-lz" />
			<Add option="-luuid" />
			<Add option="-lole32" />
			<Add option="-loleaut32" />
			<Add option="-lsetupapi" />
			<Add option="-lwsock32" />
			<Add option="-lws2_32" />
			<Add option="-lIphlpapi" />
		</Linker>
		<ExtraCommands>
			<Add after='xcopy /e /i /y &quot;$(PROJECT_DIR)..\..\..\export\win_cb\*.dll&quot;  &quot;$(PROJECT_DIR)bin&quot;' />
			<Add after='cmd /c if not exist &quot;$(PROJECT_DIR)bin/data&quot; mkdir &quot;$(PROJECT_DIR)bin/data&quot;' />
			<Mode after="always" />
		</ExtraCommands>
		<Unit filename="..\..\..\addons\ofxControlPanel\src\guiBaseObject.h" />
		<Unit filename="..\..\..\addons\ofxControlPanel\src\guiColor.h" />
		<Unit filename="..\..\..\addons\ofxControlPanel\src\guiCustomImpl.h" />
		<Unit filename="..\..\..\addons\ofxControlPanel\src\guiIncludes.h" />
		<Unit filename="..\..\..\addons\ofxControlPanel\src\guiTextBase.h" />
		<Unit filename="..\..\..\addons\ofxControlPanel\src\guiType2DSlider.h" />
		<Unit filename="..\..\..\addons\ofxControlPanel\src\guiTypeCustom.h" />
		<Unit filename="..\..\..\addons\ofxControlPanel\src\guiTypeDrawable.h" />
		<Unit filename="..\..\..\addons\ofxControlPanel\src\guiTypeFileLister.h" />
		<Unit filename="..\..\..\addons\ofxControlPanel\src\guiTypeLogger.h" />
		<Unit filename="..\..\..\addons\ofxControlPanel\src\guiTypeMultiToggle.h" />
		<Unit filename="..\..\..\addons\ofxControlPanel\src\guiTypePanel.h" />
		<Unit filename="..\..\..\addons\ofxControlPanel\src\guiTypeSlider.h" />
		<Unit filename="..\..\..\addons\ofxControlPanel\src\guiTypeText.h" />
		<Unit filename="..\..\..\addons\ofxControlPanel\src\guiTypeToggle.h" />
		<Unit filename="..\..\..\addons\ofxControlPanel\src\guiValue.h" />
		<Unit filename="..\..\..\addons\ofxControlPanel\src\guiXmlValue.h" />
		<Unit filename="..\..\..\addons\ofxControlPanel\src\ofxControlPanel.cpp" />
		<Unit filename="..\..\..\addons\ofxControlPanel\src\ofxControlPanel.h" />
		<Unit filename="..\..\..\addons\ofxControlPanel\src\simpleColor.h" />
		<Unit filename="..\..\..\addons\ofxControlPanel\src\simpleFileLister.h" />
		<Unit filename="..\..\..\addons\ofxControlPanel\src\simpleLogger.h" />
		<Unit filename="..\..\..\addons\ofxDirList\src\ofxDirList.cpp" />
		<Unit filename="..\..\..\addons\ofxDirList\src\ofxDirList.h" />
		<Unit filename="..\..\..\addons\ofxStructuredLight\src\DepthDecoder.cpp" />
		<Unit filename="..\..\..\addons\ofxStructuredLight\src\DepthDecoder.h" />
		<Unit filename="..\..\..\addons\ofxStructuredLight\src\DepthExporter.cpp" />
		<Unit filename="..\..\..\addons\ofxStructuredLight\src\DepthExporter.h" />
		<Unit filename="..\..\..\addons\ofxStructuredLight\src\FastBlur.h" />
		<Unit filename="..\..\..\addons\ofxStructuredLight\src\FloodFillDecoder.cpp" />
		<Unit filename="..\..\..\addons\ofxStructuredLight\src\FloodFillDecoder.h" />
		<Unit filename="..\..\..\addons\ofxStructuredLight\src\GradientGenerator.cpp" />
		<Unit filename="..\..\..\addons\ofxStructuredLight\src\GradientGenerator.h" />
		<Unit filename="..\..\..\addons\ofxStructuredLight\src\GrayCodeGenerator.cpp" />
		<Unit filename="..\..\..\addons\ofxStructuredLight\src\GrayCodeGenerator.h" />
		<Unit filename="..\..\..\addons\ofxStructuredLight\src\PatternGenerator.cpp" />
		<Unit filename="..\..\..\addons\ofxStructuredLight\src\PatternGenerator.h" />
		<Unit filename="..\..\..\addons\ofxStructuredLight\src\PhaseConstants.h" />
		<Unit filename="..\..\..\addons\ofxStructuredLight\src\PhaseDecoder.cpp" />
		<Unit filename="..\..\..\addons\ofxStructuredLight\src\PhaseDecoder.h" />
		<Unit filename="..\..\..\addons\ofxStructuredLight\src\PriorityDecoder.cpp" />
		<Unit filename="..\..\..\addons\ofxStructuredLight\src\PriorityDecoder.h" />
		<Unit filename="..\..\..\addons\ofxStructuredLight\src\ThreePhaseDecoder.cpp" />
		<Unit filename="..\..\..\addons\ofxStructuredLight\src\ThreePhaseDecoder.h" />
		<Unit filename="..\..\..\addons\ofxStructuredLight\src\ThreePhaseGenerator.cpp" />
		<Unit filename="..\..\..\addons\ofxStructuredLight\src\ThreePhaseGenerator.h" />
		<Unit filename="..\..\..\addons\ofxStructuredLight\src\TwoPlusOneDecoder.cpp" />
		<Unit filename="..\..\..\addons\ofxStructuredLight\src\TwoPlusOneDecoder.h" />
		<Unit filename="..\..\..\addons\ofxStructuredLight\src\TwoPlusOneGenerator.cpp" />
		<Unit filename="..\..\..\addons\ofxStructuredLight\src\TwoPlusOneGenerator.h" />
		<Unit filename="..\..\..\addons\ofxStructuredLight\src\ofxStructuredLight.h" />
		<Unit filename="..\..\..\addons\ofxThread\src\ofxThread.cpp" />
		<Unit filename="..\..\..\addons\ofxThread\src\ofxThread.h" />
		<Unit filename="..\..\..\addons\ofxXmlSettings\libs\tinyxml.cpp" />
		<Unit filename="..\..\..\addons\ofxXmlSettings\libs\tinyxml.h" />
		<Unit filename="..\..\..\addons\ofxXmlSettings\libs\tinyxmlerror.cpp" />
		<Unit filename="..\..\..\addons\ofxXmlSettings\libs\tinyxmlparser.cpp" />
		<Unit filename="..\..\..\addons\ofxXmlSettings\src\ofxXmlSettings.cpp" />
		<Unit filename="..\..\..\addons\ofxXmlSettings\src\ofxXmlSettings.h" />
		<Unit filename="src\main.cpp" />
		<Unit filename="src\ofxAutoControlPanel.h" />
		<Unit filename="src\ofxImageSaver.h" />
		<Unit filename="src\ofxThreadedVideoGrabber.h" />
		<Unit filename="src\testApp.cpp" />
		<Unit filename="src\testApp.h" />
		<Extensions>
			<code_completion />
			<debugger />
			<envvars />
		</Extensions>
	</Project>
</CodeBlocks_project_file>
